
Microsoft Visual Studio Solution File, Format Version 12.00
# Visual Studio Version 17
VisualStudioVersion = 17.1.32421.90
MinimumVisualStudioVersion = 10.0.40219.1
Project("{D954291E-2A0B-460D-934E-DC6B0785DB48}") = "UNO_AccessSensors.Shared", "UNO_AccessSensors.Shared\UNO_AccessSensors.Shared.shproj", "{6279C845-92F8-4333-AB99-3D213163593C}"
EndProject
Project("{2150E333-8FDC-42A3-9474-1A3956D46DE8}") = "Platforms", "Platforms", "{675B3169-2916-47AD-BF47-63D57557BAEC}"
EndProject
Project("{FAE04EC0-301F-11D3-BF4B-00C04F79EFBC}") = "UNO_AccessSensors.Mobile", "UNO_AccessSensors.Mobile\UNO_AccessSensors.Mobile.csproj", "{2371B373-EBAA-4687-8155-062D126CC8B0}"
EndProject
Project("{FAE04EC0-301F-11D3-BF4B-00C04F79EFBC}") = "UNO_AccessSensors.UWP", "UNO_AccessSensors.UWP\UNO_AccessSensors.UWP.csproj", "{6C2B5305-B79E-4186-AD33-EF10738EAF5D}"
EndProject
Project("{FAE04EC0-301F-11D3-BF4B-00C04F79EFBC}") = "UNO_AccessSensors.Wasm", "UNO_AccessSensors.Wasm\UNO_AccessSensors.Wasm.csproj", "{D9935E98-5615-4412-9E40-36494545ECA7}"
EndProject
Project("{FAE04EC0-301F-11D3-BF4B-00C04F79EFBC}") = "UNO_AccessSensors.Skia.Wpf.Host", "UNO_AccessSensors.Skia.Wpf.Host\UNO_AccessSensors.Skia.Wpf.Host.csproj", "{DE7D2499-606B-43D8-A3CA-CA7AA645DD9F}"
EndProject
Project("{FAE04EC0-301F-11D3-BF4B-00C04F79EFBC}") = "UNO_AccessSensors.Skia.Wpf", "UNO_AccessSensors.Skia.Wpf\UNO_AccessSensors.Skia.Wpf.csproj", "{E1630B8F-3F86-4058-8DBA-406C2F78B827}"
EndProject
Project("{FAE04EC0-301F-11D3-BF4B-00C04F79EFBC}") = "UNO_AccessSensors.Skia.Gtk", "UNO_AccessSensors.Skia.Gtk\UNO_AccessSensors.Skia.Gtk.csproj", "{55BB05C6-AA4D-4DB1-84AC-1C048D465BC2}"
EndProject
Global
	GlobalSection(SharedMSBuildProjectFiles) = preSolution
		UNO_AccessSensors.Shared\UNO_AccessSensors.Shared.projitems*{2371b373-ebaa-4687-8155-062d126cc8b0}*SharedItemsImports = 5
		UNO_AccessSensors.Shared\UNO_AccessSensors.Shared.projitems*{55bb05c6-aa4d-4db1-84ac-1c048d465bc2}*SharedItemsImports = 5
		UNO_AccessSensors.Shared\UNO_AccessSensors.Shared.projitems*{6279c845-92f8-4333-ab99-3d213163593c}*SharedItemsImports = 13
		UNO_AccessSensors.Shared\UNO_AccessSensors.Shared.projitems*{6c2b5305-b79e-4186-ad33-ef10738eaf5d}*SharedItemsImports = 4
		UNO_AccessSensors.Shared\UNO_AccessSensors.Shared.projitems*{d9935e98-5615-4412-9e40-36494545eca7}*SharedItemsImports = 5
		UNO_AccessSensors.Shared\UNO_AccessSensors.Shared.projitems*{e1630b8f-3f86-4058-8dba-406c2f78b827}*SharedItemsImports = 5
	EndGlobalSection
	GlobalSection(SolutionConfigurationPlatforms) = preSolution
		Debug|Any CPU = Debug|Any CPU
		Debug|ARM = Debug|ARM
		Debug|ARM64 = Debug|ARM64
		Debug|x64 = Debug|x64
		Debug|x86 = Debug|x86
		Release|Any CPU = Release|Any CPU
		Release|ARM = Release|ARM
		Release|ARM64 = Release|ARM64
		Release|x64 = Release|x64
		Release|x86 = Release|x86
	EndGlobalSection
	GlobalSection(ProjectConfigurationPlatforms) = postSolution
		{2371B373-EBAA-4687-8155-062D126CC8B0}.Debug|Any CPU.ActiveCfg = Debug|Any CPU
		{2371B373-EBAA-4687-8155-062D126CC8B0}.Debug|Any CPU.Build.0 = Debug|Any CPU
		{2371B373-EBAA-4687-8155-062D126CC8B0}.Debug|ARM.ActiveCfg = Debug|Any CPU
		{2371B373-EBAA-4687-8155-062D126CC8B0}.Debug|ARM.Build.0 = Debug|Any CPU
		{2371B373-EBAA-4687-8155-062D126CC8B0}.Debug|ARM64.ActiveCfg = Debug|Any CPU
		{2371B373-EBAA-4687-8155-062D126CC8B0}.Debug|ARM64.Build.0 = Debug|Any CPU
		{2371B373-EBAA-4687-8155-062D126CC8B0}.Debug|x64.ActiveCfg = Debug|Any CPU
		{2371B373-EBAA-4687-8155-062D126CC8B0}.Debug|x64.Build.0 = Debug|Any CPU
		{2371B373-EBAA-4687-8155-062D126CC8B0}.Debug|x86.ActiveCfg = Debug|Any CPU
		{2371B373-EBAA-4687-8155-062D126CC8B0}.Debug|x86.Build.0 = Debug|Any CPU
		{2371B373-EBAA-4687-8155-062D126CC8B0}.Release|Any CPU.ActiveCfg = Release|Any CPU
		{2371B373-EBAA-4687-8155-062D126CC8B0}.Release|Any CPU.Build.0 = Release|Any CPU
		{2371B373-EBAA-4687-8155-062D126CC8B0}.Release|ARM.ActiveCfg = Release|Any CPU
		{2371B373-EBAA-4687-8155-062D126CC8B0}.Release|ARM.Build.0 = Release|Any CPU
		{2371B373-EBAA-4687-8155-062D126CC8B0}.Release|ARM64.ActiveCfg = Release|Any CPU
		{2371B373-EBAA-4687-8155-062D126CC8B0}.Release|ARM64.Build.0 = Release|Any CPU
		{2371B373-EBAA-4687-8155-062D126CC8B0}.Release|x64.ActiveCfg = Release|Any CPU
		{2371B373-EBAA-4687-8155-062D126CC8B0}.Release|x64.Build.0 = Release|Any CPU
		{2371B373-EBAA-4687-8155-062D126CC8B0}.Release|x86.ActiveCfg = Release|Any CPU
		{2371B373-EBAA-4687-8155-062D126CC8B0}.Release|x86.Build.0 = Release|Any CPU
		{6C2B5305-B79E-4186-AD33-EF10738EAF5D}.Debug|Any CPU.ActiveCfg = Debug|x64
		{6C2B5305-B79E-4186-AD33-EF10738EAF5D}.Debug|Any CPU.Build.0 = Debug|x64
		{6C2B5305-B79E-4186-AD33-EF10738EAF5D}.Debug|Any CPU.Deploy.0 = Debug|x64
		{6C2B5305-B79E-4186-AD33-EF10738EAF5D}.Debug|ARM.ActiveCfg = Debug|ARM
		{6C2B5305-B79E-4186-AD33-EF10738EAF5D}.Debug|ARM.Build.0 = Debug|ARM
		{6C2B5305-B79E-4186-AD33-EF10738EAF5D}.Debug|ARM.Deploy.0 = Debug|ARM
		{6C2B5305-B79E-4186-AD33-EF10738EAF5D}.Debug|ARM64.ActiveCfg = Debug|ARM64
		{6C2B5305-B79E-4186-AD33-EF10738EAF5D}.Debug|ARM64.Build.0 = Debug|ARM64
		{6C2B5305-B79E-4186-AD33-EF10738EAF5D}.Debug|ARM64.Deploy.0 = Debug|ARM64
		{6C2B5305-B79E-4186-AD33-EF10738EAF5D}.Debug|x64.ActiveCfg = Debug|x64
		{6C2B5305-B79E-4186-AD33-EF10738EAF5D}.Debug|x64.Build.0 = Debug|x64
		{6C2B5305-B79E-4186-AD33-EF10738EAF5D}.Debug|x64.Deploy.0 = Debug|x64
		{6C2B5305-B79E-4186-AD33-EF10738EAF5D}.Debug|x86.ActiveCfg = Debug|x86
		{6C2B5305-B79E-4186-AD33-EF10738EAF5D}.Debug|x86.Build.0 = Debug|x86
		{6C2B5305-B79E-4186-AD33-EF10738EAF5D}.Debug|x86.Deploy.0 = Debug|x86
		{6C2B5305-B79E-4186-AD33-EF10738EAF5D}.Release|Any CPU.ActiveCfg = Release|x64
		{6C2B5305-B79E-4186-AD33-EF10738EAF5D}.Release|Any CPU.Build.0 = Release|x64
		{6C2B5305-B79E-4186-AD33-EF10738EAF5D}.Release|Any CPU.Deploy.0 = Release|x64
		{6C2B5305-B79E-4186-AD33-EF10738EAF5D}.Release|ARM.ActiveCfg = Release|ARM
		{6C2B5305-B79E-4186-AD33-EF10738EAF5D}.Release|ARM.Build.0 = Release|ARM
		{6C2B5305-B79E-4186-AD33-EF10738EAF5D}.Release|ARM.Deploy.0 = Release|ARM
		{6C2B5305-B79E-4186-AD33-EF10738EAF5D}.Release|ARM64.ActiveCfg = Release|ARM64
		{6C2B5305-B79E-4186-AD33-EF10738EAF5D}.Release|ARM64.Build.0 = Release|ARM64
		{6C2B5305-B79E-4186-AD33-EF10738EAF5D}.Release|ARM64.Deploy.0 = Release|ARM64
		{6C2B5305-B79E-4186-AD33-EF10738EAF5D}.Release|x64.ActiveCfg = Release|x64
		{6C2B5305-B79E-4186-AD33-EF10738EAF5D}.Release|x64.Build.0 = Release|x64
		{6C2B5305-B79E-4186-AD33-EF10738EAF5D}.Release|x64.Deploy.0 = Release|x64
		{6C2B5305-B79E-4186-AD33-EF10738EAF5D}.Release|x86.ActiveCfg = Release|x86
		{6C2B5305-B79E-4186-AD33-EF10738EAF5D}.Release|x86.Build.0 = Release|x86
		{6C2B5305-B79E-4186-AD33-EF10738EAF5D}.Release|x86.Deploy.0 = Release|x86
		{D9935E98-5615-4412-9E40-36494545ECA7}.Debug|Any CPU.ActiveCfg = Debug|Any CPU
		{D9935E98-5615-4412-9E40-36494545ECA7}.Debug|Any CPU.Build.0 = Debug|Any CPU
		{D9935E98-5615-4412-9E40-36494545ECA7}.Debug|ARM.ActiveCfg = Debug|Any CPU
		{D9935E98-5615-4412-9E40-36494545ECA7}.Debug|ARM.Build.0 = Debug|Any CPU
		{D9935E98-5615-4412-9E40-36494545ECA7}.Debug|ARM64.ActiveCfg = Debug|Any CPU
		{D9935E98-5615-4412-9E40-36494545ECA7}.Debug|ARM64.Build.0 = Debug|Any CPU
		{D9935E98-5615-4412-9E40-36494545ECA7}.Debug|x64.ActiveCfg = Debug|Any CPU
		{D9935E98-5615-4412-9E40-36494545ECA7}.Debug|x64.Build.0 = Debug|Any CPU
		{D9935E98-5615-4412-9E40-36494545ECA7}.Debug|x86.ActiveCfg = Debug|Any CPU
		{D9935E98-5615-4412-9E40-36494545ECA7}.Debug|x86.Build.0 = Debug|Any CPU
		{D9935E98-5615-4412-9E40-36494545ECA7}.Release|Any CPU.ActiveCfg = Release|Any CPU
		{D9935E98-5615-4412-9E40-36494545ECA7}.Release|Any CPU.Build.0 = Release|Any CPU
		{D9935E98-5615-4412-9E40-36494545ECA7}.Release|ARM.ActiveCfg = Release|Any CPU
		{D9935E98-5615-4412-9E40-36494545ECA7}.Release|ARM.Build.0 = Release|Any CPU
		{D9935E98-5615-4412-9E40-36494545ECA7}.Release|ARM64.ActiveCfg = Release|Any CPU
		{D9935E98-5615-4412-9E40-36494545ECA7}.Release|ARM64.Build.0 = Release|Any CPU
		{D9935E98-5615-4412-9E40-36494545ECA7}.Release|x64.ActiveCfg = Release|Any CPU
		{D9935E98-5615-4412-9E40-36494545ECA7}.Release|x64.Build.0 = Release|Any CPU
		{D9935E98-5615-4412-9E40-36494545ECA7}.Release|x86.ActiveCfg = Release|Any CPU
		{D9935E98-5615-4412-9E40-36494545ECA7}.Release|x86.Build.0 = Release|Any CPU
		{DE7D2499-606B-43D8-A3CA-CA7AA645DD9F}.Debug|Any CPU.ActiveCfg = Debug|Any CPU
		{DE7D2499-606B-43D8-A3CA-CA7AA645DD9F}.Debug|Any CPU.Build.0 = Debug|Any CPU
		{DE7D2499-606B-43D8-A3CA-CA7AA645DD9F}.Debug|ARM.ActiveCfg = Debug|Any CPU
		{DE7D2499-606B-43D8-A3CA-CA7AA645DD9F}.Debug|ARM.Build.0 = Debug|Any CPU
		{DE7D2499-606B-43D8-A3CA-CA7AA645DD9F}.Debug|ARM64.ActiveCfg = Debug|Any CPU
		{DE7D2499-606B-43D8-A3CA-CA7AA645DD9F}.Debug|ARM64.Build.0 = Debug|Any CPU
		{DE7D2499-606B-43D8-A3CA-CA7AA645DD9F}.Debug|x64.ActiveCfg = Debug|Any CPU
		{DE7D2499-606B-43D8-A3CA-CA7AA645DD9F}.Debug|x64.Build.0 = Debug|Any CPU
		{DE7D2499-606B-43D8-A3CA-CA7AA645DD9F}.Debug|x86.ActiveCfg = Debug|Any CPU
		{DE7D2499-606B-43D8-A3CA-CA7AA645DD9F}.Debug|x86.Build.0 = Debug|Any CPU
		{DE7D2499-606B-43D8-A3CA-CA7AA645DD9F}.Release|Any CPU.ActiveCfg = Release|Any CPU
		{DE7D2499-606B-43D8-A3CA-CA7AA645DD9F}.Release|Any CPU.Build.0 = Release|Any CPU
		{DE7D2499-606B-43D8-A3CA-CA7AA645DD9F}.Release|ARM.ActiveCfg = Release|Any CPU
		{DE7D2499-606B-43D8-A3CA-CA7AA645DD9F}.Release|ARM.Build.0 = Release|Any CPU
		{DE7D2499-606B-43D8-A3CA-CA7AA645DD9F}.Release|ARM64.ActiveCfg = Release|Any CPU
		{DE7D2499-606B-43D8-A3CA-CA7AA645DD9F}.Release|ARM64.Build.0 = Release|Any CPU
		{DE7D2499-606B-43D8-A3CA-CA7AA645DD9F}.Release|x64.ActiveCfg = Release|Any CPU
		{DE7D2499-606B-43D8-A3CA-CA7AA645DD9F}.Release|x64.Build.0 = Release|Any CPU
		{DE7D2499-606B-43D8-A3CA-CA7AA645DD9F}.Release|x86.ActiveCfg = Release|Any CPU
		{DE7D2499-606B-43D8-A3CA-CA7AA645DD9F}.Release|x86.Build.0 = Release|Any CPU
		{E1630B8F-3F86-4058-8DBA-406C2F78B827}.Debug|Any CPU.ActiveCfg = Debug|Any CPU
		{E1630B8F-3F86-4058-8DBA-406C2F78B827}.Debug|Any CPU.Build.0 = Debug|Any CPU
		{E1630B8F-3F86-4058-8DBA-406C2F78B827}.Debug|ARM.ActiveCfg = Debug|Any CPU
		{E1630B8F-3F86-4058-8DBA-406C2F78B827}.Debug|ARM.Build.0 = Debug|Any CPU
		{E1630B8F-3F86-4058-8DBA-406C2F78B827}.Debug|ARM64.ActiveCfg = Debug|Any CPU
		{E1630B8F-3F86-4058-8DBA-406C2F78B827}.Debug|ARM64.Build.0 = Debug|Any CPU
		{E1630B8F-3F86-4058-8DBA-406C2F78B827}.Debug|x64.ActiveCfg = Debug|Any CPU
		{E1630B8F-3F86-4058-8DBA-406C2F78B827}.Debug|x64.Build.0 = Debug|Any CPU
		{E1630B8F-3F86-4058-8DBA-406C2F78B827}.Debug|x86.ActiveCfg = Debug|Any CPU
		{E1630B8F-3F86-4058-8DBA-406C2F78B827}.Debug|x86.Build.0 = Debug|Any CPU
		{E1630B8F-3F86-4058-8DBA-406C2F78B827}.Release|Any CPU.ActiveCfg = Release|Any CPU
		{E1630B8F-3F86-4058-8DBA-406C2F78B827}.Release|Any CPU.Build.0 = Release|Any CPU
		{E1630B8F-3F86-4058-8DBA-406C2F78B827}.Release|ARM.ActiveCfg = Release|Any CPU
		{E1630B8F-3F86-4058-8DBA-406C2F78B827}.Release|ARM.Build.0 = Release|Any CPU
		{E1630B8F-3F86-4058-8DBA-406C2F78B827}.Release|ARM64.ActiveCfg = Release|Any CPU
		{E1630B8F-3F86-4058-8DBA-406C2F78B827}.Release|ARM64.Build.0 = Release|Any CPU
		{E1630B8F-3F86-4058-8DBA-406C2F78B827}.Release|x64.ActiveCfg = Release|Any CPU
		{E1630B8F-3F86-4058-8DBA-406C2F78B827}.Release|x64.Build.0 = Release|Any CPU
		{E1630B8F-3F86-4058-8DBA-406C2F78B827}.Release|x86.ActiveCfg = Release|Any CPU
		{E1630B8F-3F86-4058-8DBA-406C2F78B827}.Release|x86.Build.0 = Release|Any CPU
		{55BB05C6-AA4D-4DB1-84AC-1C048D465BC2}.Debug|Any CPU.ActiveCfg = Debug|Any CPU
		{55BB05C6-AA4D-4DB1-84AC-1C048D465BC2}.Debug|Any CPU.Build.0 = Debug|Any CPU
		{55BB05C6-AA4D-4DB1-84AC-1C048D465BC2}.Debug|ARM.ActiveCfg = Debug|Any CPU
		{55BB05C6-AA4D-4DB1-84AC-1C048D465BC2}.Debug|ARM.Build.0 = Debug|Any CPU
		{55BB05C6-AA4D-4DB1-84AC-1C048D465BC2}.Debug|ARM64.ActiveCfg = Debug|Any CPU
		{55BB05C6-AA4D-4DB1-84AC-1C048D465BC2}.Debug|ARM64.Build.0 = Debug|Any CPU
		{55BB05C6-AA4D-4DB1-84AC-1C048D465BC2}.Debug|x64.ActiveCfg = Debug|Any CPU
		{55BB05C6-AA4D-4DB1-84AC-1C048D465BC2}.Debug|x64.Build.0 = Debug|Any CPU
		{55BB05C6-AA4D-4DB1-84AC-1C048D465BC2}.Debug|x86.ActiveCfg = Debug|Any CPU
		{55BB05C6-AA4D-4DB1-84AC-1C048D465BC2}.Debug|x86.Build.0 = Debug|Any CPU
		{55BB05C6-AA4D-4DB1-84AC-1C048D465BC2}.Release|Any CPU.ActiveCfg = Release|Any CPU
		{55BB05C6-AA4D-4DB1-84AC-1C048D465BC2}.Release|Any CPU.Build.0 = Release|Any CPU
		{55BB05C6-AA4D-4DB1-84AC-1C048D465BC2}.Release|ARM.ActiveCfg = Release|Any CPU
		{55BB05C6-AA4D-4DB1-84AC-1C048D465BC2}.Release|ARM.Build.0 = Release|Any CPU
		{55BB05C6-AA4D-4DB1-84AC-1C048D465BC2}.Release|ARM64.ActiveCfg = Release|Any CPU
		{55BB05C6-AA4D-4DB1-84AC-1C048D465BC2}.Release|ARM64.Build.0 = Release|Any CPU
		{55BB05C6-AA4D-4DB1-84AC-1C048D465BC2}.Release|x64.ActiveCfg = Release|Any CPU
		{55BB05C6-AA4D-4DB1-84AC-1C048D465BC2}.Release|x64.Build.0 = Release|Any CPU
		{55BB05C6-AA4D-4DB1-84AC-1C048D465BC2}.Release|x86.ActiveCfg = Release|Any CPU
		{55BB05C6-AA4D-4DB1-84AC-1C048D465BC2}.Release|x86.Build.0 = Release|Any CPU
	EndGlobalSection
	GlobalSection(SolutionProperties) = preSolution
		HideSolutionNode = FALSE
	EndGlobalSection
	GlobalSection(NestedProjects) = preSolution
		{2371B373-EBAA-4687-8155-062D126CC8B0} = {675B3169-2916-47AD-BF47-63D57557BAEC}
		{6C2B5305-B79E-4186-AD33-EF10738EAF5D} = {675B3169-2916-47AD-BF47-63D57557BAEC}
		{D9935E98-5615-4412-9E40-36494545ECA7} = {675B3169-2916-47AD-BF47-63D57557BAEC}
		{DE7D2499-606B-43D8-A3CA-CA7AA645DD9F} = {675B3169-2916-47AD-BF47-63D57557BAEC}
		{E1630B8F-3F86-4058-8DBA-406C2F78B827} = {675B3169-2916-47AD-BF47-63D57557BAEC}
		{55BB05C6-AA4D-4DB1-84AC-1C048D465BC2} = {675B3169-2916-47AD-BF47-63D57557BAEC}
	EndGlobalSection
	GlobalSection(ExtensibilityGlobals) = postSolution
		SolutionGuid = {F7A01DE6-61F9-41EF-996F-DB1EECB1CCF5}
	EndGlobalSection
EndGlobal
