
Microsoft Visual Studio Solution File, Format Version 12.00
# Visual Studio Version 17
VisualStudioVersion = 17.1.32421.90
MinimumVisualStudioVersion = 10.0.40219.1
Project("{2150E333-8FDC-42A3-9474-1A3956D46DE8}") = "Platforms", "Platforms", "{675B3169-2916-47AD-BF47-63D57557BAEC}"
EndProject
Project("{D954291E-2A0B-460D-934E-DC6B0785DB48}") = "UNO_Sensors.Shared", "UNO_Sensors\UNO_Sensors.Shared\UNO_Sensors.Shared.shproj", "{22FA6FEF-7AC3-4D9C-AD21-ABF736AC4BC1}"
EndProject
Project("{FAE04EC0-301F-11D3-BF4B-00C04F79EFBC}") = "UNO_Sensors.Droid", "UNO_Sensors\UNO_Sensors.Droid\UNO_Sensors.Droid.csproj", "{41E757BE-52BF-4738-B947-ED4B17BB0B8D}"
EndProject
Project("{FAE04EC0-301F-11D3-BF4B-00C04F79EFBC}") = "UNO_Sensors.iOS", "UNO_Sensors\UNO_Sensors.iOS\UNO_Sensors.iOS.csproj", "{5AC50206-0FCD-4C8C-8448-D8F7405E25A4}"
EndProject
Project("{FAE04EC0-301F-11D3-BF4B-00C04F79EFBC}") = "UNO_Sensors.UWP", "UNO_Sensors\UNO_Sensors.UWP\UNO_Sensors.UWP.csproj", "{F4084239-BD2B-4844-BDA8-03C463AAC46C}"
EndProject
Project("{FAE04EC0-301F-11D3-BF4B-00C04F79EFBC}") = "UNO_Sensors.Wasm", "UNO_Sensors\UNO_Sensors.Wasm\UNO_Sensors.Wasm.csproj", "{91B4AC98-71FE-49B1-88E5-ECCD3750423E}"
EndProject
Project("{FAE04EC0-301F-11D3-BF4B-00C04F79EFBC}") = "UNO_Sensors.macOS", "UNO_Sensors\UNO_Sensors.macOS\UNO_Sensors.macOS.csproj", "{558F1195-ED95-4B77-83AB-1812A011BFA0}"
EndProject
Project("{FAE04EC0-301F-11D3-BF4B-00C04F79EFBC}") = "UNO_Sensors.Skia.Wpf.Host", "UNO_Sensors\UNO_Sensors.Skia.Wpf.Host\UNO_Sensors.Skia.Wpf.Host.csproj", "{DDE21AD1-2750-4D5E-BFAC-7A2860C81909}"
EndProject
Project("{FAE04EC0-301F-11D3-BF4B-00C04F79EFBC}") = "UNO_Sensors.Skia.Wpf", "UNO_Sensors\UNO_Sensors.Skia.Wpf\UNO_Sensors.Skia.Wpf.csproj", "{538C5F38-9AAD-453F-9227-99CF7782430F}"
EndProject
Project("{FAE04EC0-301F-11D3-BF4B-00C04F79EFBC}") = "UNO_Sensors.Skia.Gtk", "UNO_Sensors\UNO_Sensors.Skia.Gtk\UNO_Sensors.Skia.Gtk.csproj", "{41DDD2FC-DE37-4A26-867E-83F81BCF448D}"
EndProject
Project("{FAE04EC0-301F-11D3-BF4B-00C04F79EFBC}") = "UNO_Sensors.Skia.Tizen", "UNO_Sensors\UNO_Sensors.Skia.Tizen\UNO_Sensors.Skia.Tizen.csproj", "{B70A0F67-B51F-44C5-9BB0-5F4E7FFE18E8}"
EndProject
Global
	GlobalSection(SharedMSBuildProjectFiles) = preSolution
		UNO_Sensors\UNO_Sensors.Shared\UNO_Sensors.Shared.projitems*{22fa6fef-7ac3-4d9c-ad21-abf736ac4bc1}*SharedItemsImports = 13
		UNO_Sensors\UNO_Sensors.Shared\UNO_Sensors.Shared.projitems*{41e757be-52bf-4738-b947-ed4b17bb0b8d}*SharedItemsImports = 4
		UNO_Sensors\UNO_Sensors.Shared\UNO_Sensors.Shared.projitems*{5ac50206-0fcd-4c8c-8448-d8f7405e25a4}*SharedItemsImports = 4
		UNO_Sensors\UNO_Sensors.Shared\UNO_Sensors.Shared.projitems*{91b4ac98-71fe-49b1-88e5-eccd3750423e}*SharedItemsImports = 5
		UNO_Sensors\UNO_Sensors.Shared\UNO_Sensors.Shared.projitems*{f4084239-bd2b-4844-bda8-03c463aac46c}*SharedItemsImports = 4
	EndGlobalSection
	GlobalSection(SolutionConfigurationPlatforms) = preSolution
		Ad-Hoc|Any CPU = Ad-Hoc|Any CPU
		Ad-Hoc|ARM = Ad-Hoc|ARM
		Ad-Hoc|ARM64 = Ad-Hoc|ARM64
		Ad-Hoc|iPhone = Ad-Hoc|iPhone
		Ad-Hoc|iPhoneSimulator = Ad-Hoc|iPhoneSimulator
		Ad-Hoc|x64 = Ad-Hoc|x64
		Ad-Hoc|x86 = Ad-Hoc|x86
		AppStore|Any CPU = AppStore|Any CPU
		AppStore|ARM = AppStore|ARM
		AppStore|ARM64 = AppStore|ARM64
		AppStore|iPhone = AppStore|iPhone
		AppStore|iPhoneSimulator = AppStore|iPhoneSimulator
		AppStore|x64 = AppStore|x64
		AppStore|x86 = AppStore|x86
		Debug|Any CPU = Debug|Any CPU
		Debug|ARM = Debug|ARM
		Debug|ARM64 = Debug|ARM64
		Debug|iPhone = Debug|iPhone
		Debug|iPhoneSimulator = Debug|iPhoneSimulator
		Debug|x64 = Debug|x64
		Debug|x86 = Debug|x86
		Release|Any CPU = Release|Any CPU
		Release|ARM = Release|ARM
		Release|ARM64 = Release|ARM64
		Release|iPhone = Release|iPhone
		Release|iPhoneSimulator = Release|iPhoneSimulator
		Release|x64 = Release|x64
		Release|x86 = Release|x86
	EndGlobalSection
	GlobalSection(ProjectConfigurationPlatforms) = postSolution
		{41E757BE-52BF-4738-B947-ED4B17BB0B8D}.Ad-Hoc|Any CPU.ActiveCfg = Debug|Any CPU
		{41E757BE-52BF-4738-B947-ED4B17BB0B8D}.Ad-Hoc|Any CPU.Build.0 = Debug|Any CPU
		{41E757BE-52BF-4738-B947-ED4B17BB0B8D}.Ad-Hoc|Any CPU.Deploy.0 = Debug|Any CPU
		{41E757BE-52BF-4738-B947-ED4B17BB0B8D}.Ad-Hoc|ARM.ActiveCfg = Debug|Any CPU
		{41E757BE-52BF-4738-B947-ED4B17BB0B8D}.Ad-Hoc|ARM.Build.0 = Debug|Any CPU
		{41E757BE-52BF-4738-B947-ED4B17BB0B8D}.Ad-Hoc|ARM.Deploy.0 = Debug|Any CPU
		{41E757BE-52BF-4738-B947-ED4B17BB0B8D}.Ad-Hoc|ARM64.ActiveCfg = Debug|Any CPU
		{41E757BE-52BF-4738-B947-ED4B17BB0B8D}.Ad-Hoc|ARM64.Build.0 = Debug|Any CPU
		{41E757BE-52BF-4738-B947-ED4B17BB0B8D}.Ad-Hoc|ARM64.Deploy.0 = Debug|Any CPU
		{41E757BE-52BF-4738-B947-ED4B17BB0B8D}.Ad-Hoc|iPhone.ActiveCfg = Debug|Any CPU
		{41E757BE-52BF-4738-B947-ED4B17BB0B8D}.Ad-Hoc|iPhone.Build.0 = Debug|Any CPU
		{41E757BE-52BF-4738-B947-ED4B17BB0B8D}.Ad-Hoc|iPhone.Deploy.0 = Debug|Any CPU
		{41E757BE-52BF-4738-B947-ED4B17BB0B8D}.Ad-Hoc|iPhoneSimulator.ActiveCfg = Debug|Any CPU
		{41E757BE-52BF-4738-B947-ED4B17BB0B8D}.Ad-Hoc|iPhoneSimulator.Build.0 = Debug|Any CPU
		{41E757BE-52BF-4738-B947-ED4B17BB0B8D}.Ad-Hoc|iPhoneSimulator.Deploy.0 = Debug|Any CPU
		{41E757BE-52BF-4738-B947-ED4B17BB0B8D}.Ad-Hoc|x64.ActiveCfg = Debug|Any CPU
		{41E757BE-52BF-4738-B947-ED4B17BB0B8D}.Ad-Hoc|x64.Build.0 = Debug|Any CPU
		{41E757BE-52BF-4738-B947-ED4B17BB0B8D}.Ad-Hoc|x64.Deploy.0 = Debug|Any CPU
		{41E757BE-52BF-4738-B947-ED4B17BB0B8D}.Ad-Hoc|x86.ActiveCfg = Debug|Any CPU
		{41E757BE-52BF-4738-B947-ED4B17BB0B8D}.Ad-Hoc|x86.Build.0 = Debug|Any CPU
		{41E757BE-52BF-4738-B947-ED4B17BB0B8D}.Ad-Hoc|x86.Deploy.0 = Debug|Any CPU
		{41E757BE-52BF-4738-B947-ED4B17BB0B8D}.AppStore|Any CPU.ActiveCfg = Debug|Any CPU
		{41E757BE-52BF-4738-B947-ED4B17BB0B8D}.AppStore|Any CPU.Build.0 = Debug|Any CPU
		{41E757BE-52BF-4738-B947-ED4B17BB0B8D}.AppStore|Any CPU.Deploy.0 = Debug|Any CPU
		{41E757BE-52BF-4738-B947-ED4B17BB0B8D}.AppStore|ARM.ActiveCfg = Debug|Any CPU
		{41E757BE-52BF-4738-B947-ED4B17BB0B8D}.AppStore|ARM.Build.0 = Debug|Any CPU
		{41E757BE-52BF-4738-B947-ED4B17BB0B8D}.AppStore|ARM.Deploy.0 = Debug|Any CPU
		{41E757BE-52BF-4738-B947-ED4B17BB0B8D}.AppStore|ARM64.ActiveCfg = Debug|Any CPU
		{41E757BE-52BF-4738-B947-ED4B17BB0B8D}.AppStore|ARM64.Build.0 = Debug|Any CPU
		{41E757BE-52BF-4738-B947-ED4B17BB0B8D}.AppStore|ARM64.Deploy.0 = Debug|Any CPU
		{41E757BE-52BF-4738-B947-ED4B17BB0B8D}.AppStore|iPhone.ActiveCfg = Debug|Any CPU
		{41E757BE-52BF-4738-B947-ED4B17BB0B8D}.AppStore|iPhone.Build.0 = Debug|Any CPU
		{41E757BE-52BF-4738-B947-ED4B17BB0B8D}.AppStore|iPhone.Deploy.0 = Debug|Any CPU
		{41E757BE-52BF-4738-B947-ED4B17BB0B8D}.AppStore|iPhoneSimulator.ActiveCfg = Debug|Any CPU
		{41E757BE-52BF-4738-B947-ED4B17BB0B8D}.AppStore|iPhoneSimulator.Build.0 = Debug|Any CPU
		{41E757BE-52BF-4738-B947-ED4B17BB0B8D}.AppStore|iPhoneSimulator.Deploy.0 = Debug|Any CPU
		{41E757BE-52BF-4738-B947-ED4B17BB0B8D}.AppStore|x64.ActiveCfg = Debug|Any CPU
		{41E757BE-52BF-4738-B947-ED4B17BB0B8D}.AppStore|x64.Build.0 = Debug|Any CPU
		{41E757BE-52BF-4738-B947-ED4B17BB0B8D}.AppStore|x64.Deploy.0 = Debug|Any CPU
		{41E757BE-52BF-4738-B947-ED4B17BB0B8D}.AppStore|x86.ActiveCfg = Debug|Any CPU
		{41E757BE-52BF-4738-B947-ED4B17BB0B8D}.AppStore|x86.Build.0 = Debug|Any CPU
		{41E757BE-52BF-4738-B947-ED4B17BB0B8D}.AppStore|x86.Deploy.0 = Debug|Any CPU
		{41E757BE-52BF-4738-B947-ED4B17BB0B8D}.Debug|Any CPU.ActiveCfg = Debug|Any CPU
		{41E757BE-52BF-4738-B947-ED4B17BB0B8D}.Debug|Any CPU.Build.0 = Debug|Any CPU
		{41E757BE-52BF-4738-B947-ED4B17BB0B8D}.Debug|Any CPU.Deploy.0 = Debug|Any CPU
		{41E757BE-52BF-4738-B947-ED4B17BB0B8D}.Debug|ARM.ActiveCfg = Debug|Any CPU
		{41E757BE-52BF-4738-B947-ED4B17BB0B8D}.Debug|ARM.Build.0 = Debug|Any CPU
		{41E757BE-52BF-4738-B947-ED4B17BB0B8D}.Debug|ARM.Deploy.0 = Debug|Any CPU
		{41E757BE-52BF-4738-B947-ED4B17BB0B8D}.Debug|ARM64.ActiveCfg = Debug|Any CPU
		{41E757BE-52BF-4738-B947-ED4B17BB0B8D}.Debug|ARM64.Build.0 = Debug|Any CPU
		{41E757BE-52BF-4738-B947-ED4B17BB0B8D}.Debug|ARM64.Deploy.0 = Debug|Any CPU
		{41E757BE-52BF-4738-B947-ED4B17BB0B8D}.Debug|iPhone.ActiveCfg = Debug|Any CPU
		{41E757BE-52BF-4738-B947-ED4B17BB0B8D}.Debug|iPhone.Build.0 = Debug|Any CPU
		{41E757BE-52BF-4738-B947-ED4B17BB0B8D}.Debug|iPhone.Deploy.0 = Debug|Any CPU
		{41E757BE-52BF-4738-B947-ED4B17BB0B8D}.Debug|iPhoneSimulator.ActiveCfg = Debug|Any CPU
		{41E757BE-52BF-4738-B947-ED4B17BB0B8D}.Debug|iPhoneSimulator.Build.0 = Debug|Any CPU
		{41E757BE-52BF-4738-B947-ED4B17BB0B8D}.Debug|iPhoneSimulator.Deploy.0 = Debug|Any CPU
		{41E757BE-52BF-4738-B947-ED4B17BB0B8D}.Debug|x64.ActiveCfg = Debug|Any CPU
		{41E757BE-52BF-4738-B947-ED4B17BB0B8D}.Debug|x64.Build.0 = Debug|Any CPU
		{41E757BE-52BF-4738-B947-ED4B17BB0B8D}.Debug|x64.Deploy.0 = Debug|Any CPU
		{41E757BE-52BF-4738-B947-ED4B17BB0B8D}.Debug|x86.ActiveCfg = Debug|Any CPU
		{41E757BE-52BF-4738-B947-ED4B17BB0B8D}.Debug|x86.Build.0 = Debug|Any CPU
		{41E757BE-52BF-4738-B947-ED4B17BB0B8D}.Debug|x86.Deploy.0 = Debug|Any CPU
		{41E757BE-52BF-4738-B947-ED4B17BB0B8D}.Release|Any CPU.ActiveCfg = Release|Any CPU
		{41E757BE-52BF-4738-B947-ED4B17BB0B8D}.Release|Any CPU.Build.0 = Release|Any CPU
		{41E757BE-52BF-4738-B947-ED4B17BB0B8D}.Release|Any CPU.Deploy.0 = Release|Any CPU
		{41E757BE-52BF-4738-B947-ED4B17BB0B8D}.Release|ARM.ActiveCfg = Release|Any CPU
		{41E757BE-52BF-4738-B947-ED4B17BB0B8D}.Release|ARM.Build.0 = Release|Any CPU
		{41E757BE-52BF-4738-B947-ED4B17BB0B8D}.Release|ARM.Deploy.0 = Release|Any CPU
		{41E757BE-52BF-4738-B947-ED4B17BB0B8D}.Release|ARM64.ActiveCfg = Release|Any CPU
		{41E757BE-52BF-4738-B947-ED4B17BB0B8D}.Release|ARM64.Build.0 = Release|Any CPU
		{41E757BE-52BF-4738-B947-ED4B17BB0B8D}.Release|ARM64.Deploy.0 = Release|Any CPU
		{41E757BE-52BF-4738-B947-ED4B17BB0B8D}.Release|iPhone.ActiveCfg = Release|Any CPU
		{41E757BE-52BF-4738-B947-ED4B17BB0B8D}.Release|iPhone.Build.0 = Release|Any CPU
		{41E757BE-52BF-4738-B947-ED4B17BB0B8D}.Release|iPhone.Deploy.0 = Release|Any CPU
		{41E757BE-52BF-4738-B947-ED4B17BB0B8D}.Release|iPhoneSimulator.ActiveCfg = Release|Any CPU
		{41E757BE-52BF-4738-B947-ED4B17BB0B8D}.Release|iPhoneSimulator.Build.0 = Release|Any CPU
		{41E757BE-52BF-4738-B947-ED4B17BB0B8D}.Release|iPhoneSimulator.Deploy.0 = Release|Any CPU
		{41E757BE-52BF-4738-B947-ED4B17BB0B8D}.Release|x64.ActiveCfg = Release|Any CPU
		{41E757BE-52BF-4738-B947-ED4B17BB0B8D}.Release|x64.Build.0 = Release|Any CPU
		{41E757BE-52BF-4738-B947-ED4B17BB0B8D}.Release|x64.Deploy.0 = Release|Any CPU
		{41E757BE-52BF-4738-B947-ED4B17BB0B8D}.Release|x86.ActiveCfg = Release|Any CPU
		{41E757BE-52BF-4738-B947-ED4B17BB0B8D}.Release|x86.Build.0 = Release|Any CPU
		{41E757BE-52BF-4738-B947-ED4B17BB0B8D}.Release|x86.Deploy.0 = Release|Any CPU
		{5AC50206-0FCD-4C8C-8448-D8F7405E25A4}.Ad-Hoc|Any CPU.ActiveCfg = Ad-Hoc|iPhoneSimulator
		{5AC50206-0FCD-4C8C-8448-D8F7405E25A4}.Ad-Hoc|Any CPU.Build.0 = Ad-Hoc|iPhoneSimulator
		{5AC50206-0FCD-4C8C-8448-D8F7405E25A4}.Ad-Hoc|ARM.ActiveCfg = Ad-Hoc|iPhoneSimulator
		{5AC50206-0FCD-4C8C-8448-D8F7405E25A4}.Ad-Hoc|ARM.Build.0 = Ad-Hoc|iPhoneSimulator
		{5AC50206-0FCD-4C8C-8448-D8F7405E25A4}.Ad-Hoc|ARM64.ActiveCfg = Ad-Hoc|iPhoneSimulator
		{5AC50206-0FCD-4C8C-8448-D8F7405E25A4}.Ad-Hoc|ARM64.Build.0 = Ad-Hoc|iPhoneSimulator
		{5AC50206-0FCD-4C8C-8448-D8F7405E25A4}.Ad-Hoc|iPhone.ActiveCfg = Ad-Hoc|iPhone
		{5AC50206-0FCD-4C8C-8448-D8F7405E25A4}.Ad-Hoc|iPhone.Build.0 = Ad-Hoc|iPhone
		{5AC50206-0FCD-4C8C-8448-D8F7405E25A4}.Ad-Hoc|iPhoneSimulator.ActiveCfg = Ad-Hoc|iPhoneSimulator
		{5AC50206-0FCD-4C8C-8448-D8F7405E25A4}.Ad-Hoc|iPhoneSimulator.Build.0 = Ad-Hoc|iPhoneSimulator
		{5AC50206-0FCD-4C8C-8448-D8F7405E25A4}.Ad-Hoc|x64.ActiveCfg = Ad-Hoc|iPhoneSimulator
		{5AC50206-0FCD-4C8C-8448-D8F7405E25A4}.Ad-Hoc|x64.Build.0 = Ad-Hoc|iPhoneSimulator
		{5AC50206-0FCD-4C8C-8448-D8F7405E25A4}.Ad-Hoc|x86.ActiveCfg = Ad-Hoc|iPhoneSimulator
		{5AC50206-0FCD-4C8C-8448-D8F7405E25A4}.Ad-Hoc|x86.Build.0 = Ad-Hoc|iPhoneSimulator
		{5AC50206-0FCD-4C8C-8448-D8F7405E25A4}.AppStore|Any CPU.ActiveCfg = AppStore|iPhoneSimulator
		{5AC50206-0FCD-4C8C-8448-D8F7405E25A4}.AppStore|Any CPU.Build.0 = AppStore|iPhoneSimulator
		{5AC50206-0FCD-4C8C-8448-D8F7405E25A4}.AppStore|ARM.ActiveCfg = AppStore|iPhoneSimulator
		{5AC50206-0FCD-4C8C-8448-D8F7405E25A4}.AppStore|ARM.Build.0 = AppStore|iPhoneSimulator
		{5AC50206-0FCD-4C8C-8448-D8F7405E25A4}.AppStore|ARM64.ActiveCfg = AppStore|iPhoneSimulator
		{5AC50206-0FCD-4C8C-8448-D8F7405E25A4}.AppStore|ARM64.Build.0 = AppStore|iPhoneSimulator
		{5AC50206-0FCD-4C8C-8448-D8F7405E25A4}.AppStore|iPhone.ActiveCfg = AppStore|iPhone
		{5AC50206-0FCD-4C8C-8448-D8F7405E25A4}.AppStore|iPhone.Build.0 = AppStore|iPhone
		{5AC50206-0FCD-4C8C-8448-D8F7405E25A4}.AppStore|iPhoneSimulator.ActiveCfg = AppStore|iPhoneSimulator
		{5AC50206-0FCD-4C8C-8448-D8F7405E25A4}.AppStore|iPhoneSimulator.Build.0 = AppStore|iPhoneSimulator
		{5AC50206-0FCD-4C8C-8448-D8F7405E25A4}.AppStore|x64.ActiveCfg = AppStore|iPhoneSimulator
		{5AC50206-0FCD-4C8C-8448-D8F7405E25A4}.AppStore|x64.Build.0 = AppStore|iPhoneSimulator
		{5AC50206-0FCD-4C8C-8448-D8F7405E25A4}.AppStore|x86.ActiveCfg = AppStore|iPhoneSimulator
		{5AC50206-0FCD-4C8C-8448-D8F7405E25A4}.AppStore|x86.Build.0 = AppStore|iPhoneSimulator
		{5AC50206-0FCD-4C8C-8448-D8F7405E25A4}.Debug|Any CPU.ActiveCfg = Debug|iPhoneSimulator
		{5AC50206-0FCD-4C8C-8448-D8F7405E25A4}.Debug|Any CPU.Build.0 = Debug|iPhoneSimulator
		{5AC50206-0FCD-4C8C-8448-D8F7405E25A4}.Debug|ARM.ActiveCfg = Debug|iPhoneSimulator
		{5AC50206-0FCD-4C8C-8448-D8F7405E25A4}.Debug|ARM.Build.0 = Debug|iPhoneSimulator
		{5AC50206-0FCD-4C8C-8448-D8F7405E25A4}.Debug|ARM64.ActiveCfg = Debug|iPhoneSimulator
		{5AC50206-0FCD-4C8C-8448-D8F7405E25A4}.Debug|ARM64.Build.0 = Debug|iPhoneSimulator
		{5AC50206-0FCD-4C8C-8448-D8F7405E25A4}.Debug|iPhone.ActiveCfg = Debug|iPhone
		{5AC50206-0FCD-4C8C-8448-D8F7405E25A4}.Debug|iPhone.Build.0 = Debug|iPhone
		{5AC50206-0FCD-4C8C-8448-D8F7405E25A4}.Debug|iPhoneSimulator.ActiveCfg = Debug|iPhoneSimulator
		{5AC50206-0FCD-4C8C-8448-D8F7405E25A4}.Debug|iPhoneSimulator.Build.0 = Debug|iPhoneSimulator
		{5AC50206-0FCD-4C8C-8448-D8F7405E25A4}.Debug|x64.ActiveCfg = Debug|iPhoneSimulator
		{5AC50206-0FCD-4C8C-8448-D8F7405E25A4}.Debug|x64.Build.0 = Debug|iPhoneSimulator
		{5AC50206-0FCD-4C8C-8448-D8F7405E25A4}.Debug|x86.ActiveCfg = Debug|iPhoneSimulator
		{5AC50206-0FCD-4C8C-8448-D8F7405E25A4}.Debug|x86.Build.0 = Debug|iPhoneSimulator
		{5AC50206-0FCD-4C8C-8448-D8F7405E25A4}.Release|Any CPU.ActiveCfg = Release|iPhoneSimulator
		{5AC50206-0FCD-4C8C-8448-D8F7405E25A4}.Release|Any CPU.Build.0 = Release|iPhoneSimulator
		{5AC50206-0FCD-4C8C-8448-D8F7405E25A4}.Release|ARM.ActiveCfg = Release|iPhoneSimulator
		{5AC50206-0FCD-4C8C-8448-D8F7405E25A4}.Release|ARM.Build.0 = Release|iPhoneSimulator
		{5AC50206-0FCD-4C8C-8448-D8F7405E25A4}.Release|ARM64.ActiveCfg = Release|iPhoneSimulator
		{5AC50206-0FCD-4C8C-8448-D8F7405E25A4}.Release|ARM64.Build.0 = Release|iPhoneSimulator
		{5AC50206-0FCD-4C8C-8448-D8F7405E25A4}.Release|iPhone.ActiveCfg = Release|iPhone
		{5AC50206-0FCD-4C8C-8448-D8F7405E25A4}.Release|iPhone.Build.0 = Release|iPhone
		{5AC50206-0FCD-4C8C-8448-D8F7405E25A4}.Release|iPhoneSimulator.ActiveCfg = Release|iPhoneSimulator
		{5AC50206-0FCD-4C8C-8448-D8F7405E25A4}.Release|iPhoneSimulator.Build.0 = Release|iPhoneSimulator
		{5AC50206-0FCD-4C8C-8448-D8F7405E25A4}.Release|x64.ActiveCfg = Release|iPhoneSimulator
		{5AC50206-0FCD-4C8C-8448-D8F7405E25A4}.Release|x64.Build.0 = Release|iPhoneSimulator
		{5AC50206-0FCD-4C8C-8448-D8F7405E25A4}.Release|x86.ActiveCfg = Release|iPhoneSimulator
		{5AC50206-0FCD-4C8C-8448-D8F7405E25A4}.Release|x86.Build.0 = Release|iPhoneSimulator
		{F4084239-BD2B-4844-BDA8-03C463AAC46C}.Ad-Hoc|Any CPU.ActiveCfg = Debug|x86
		{F4084239-BD2B-4844-BDA8-03C463AAC46C}.Ad-Hoc|Any CPU.Build.0 = Debug|x86
		{F4084239-BD2B-4844-BDA8-03C463AAC46C}.Ad-Hoc|Any CPU.Deploy.0 = Debug|x86
		{F4084239-BD2B-4844-BDA8-03C463AAC46C}.Ad-Hoc|ARM.ActiveCfg = Debug|ARM
		{F4084239-BD2B-4844-BDA8-03C463AAC46C}.Ad-Hoc|ARM.Build.0 = Debug|ARM
		{F4084239-BD2B-4844-BDA8-03C463AAC46C}.Ad-Hoc|ARM.Deploy.0 = Debug|ARM
		{F4084239-BD2B-4844-BDA8-03C463AAC46C}.Ad-Hoc|ARM64.ActiveCfg = Debug|ARM64
		{F4084239-BD2B-4844-BDA8-03C463AAC46C}.Ad-Hoc|ARM64.Build.0 = Debug|ARM64
		{F4084239-BD2B-4844-BDA8-03C463AAC46C}.Ad-Hoc|ARM64.Deploy.0 = Debug|ARM64
		{F4084239-BD2B-4844-BDA8-03C463AAC46C}.Ad-Hoc|iPhone.ActiveCfg = Debug|x86
		{F4084239-BD2B-4844-BDA8-03C463AAC46C}.Ad-Hoc|iPhone.Build.0 = Debug|x86
		{F4084239-BD2B-4844-BDA8-03C463AAC46C}.Ad-Hoc|iPhone.Deploy.0 = Debug|x86
		{F4084239-BD2B-4844-BDA8-03C463AAC46C}.Ad-Hoc|iPhoneSimulator.ActiveCfg = Debug|x86
		{F4084239-BD2B-4844-BDA8-03C463AAC46C}.Ad-Hoc|iPhoneSimulator.Build.0 = Debug|x86
		{F4084239-BD2B-4844-BDA8-03C463AAC46C}.Ad-Hoc|iPhoneSimulator.Deploy.0 = Debug|x86
		{F4084239-BD2B-4844-BDA8-03C463AAC46C}.Ad-Hoc|x64.ActiveCfg = Debug|x64
		{F4084239-BD2B-4844-BDA8-03C463AAC46C}.Ad-Hoc|x64.Build.0 = Debug|x64
		{F4084239-BD2B-4844-BDA8-03C463AAC46C}.Ad-Hoc|x64.Deploy.0 = Debug|x64
		{F4084239-BD2B-4844-BDA8-03C463AAC46C}.Ad-Hoc|x86.ActiveCfg = Debug|x86
		{F4084239-BD2B-4844-BDA8-03C463AAC46C}.Ad-Hoc|x86.Build.0 = Debug|x86
		{F4084239-BD2B-4844-BDA8-03C463AAC46C}.Ad-Hoc|x86.Deploy.0 = Debug|x86
		{F4084239-BD2B-4844-BDA8-03C463AAC46C}.AppStore|Any CPU.ActiveCfg = Debug|x86
		{F4084239-BD2B-4844-BDA8-03C463AAC46C}.AppStore|Any CPU.Build.0 = Debug|x86
		{F4084239-BD2B-4844-BDA8-03C463AAC46C}.AppStore|Any CPU.Deploy.0 = Debug|x86
		{F4084239-BD2B-4844-BDA8-03C463AAC46C}.AppStore|ARM.ActiveCfg = Debug|ARM
		{F4084239-BD2B-4844-BDA8-03C463AAC46C}.AppStore|ARM.Build.0 = Debug|ARM
		{F4084239-BD2B-4844-BDA8-03C463AAC46C}.AppStore|ARM.Deploy.0 = Debug|ARM
		{F4084239-BD2B-4844-BDA8-03C463AAC46C}.AppStore|ARM64.ActiveCfg = Debug|ARM64
		{F4084239-BD2B-4844-BDA8-03C463AAC46C}.AppStore|ARM64.Build.0 = Debug|ARM64
		{F4084239-BD2B-4844-BDA8-03C463AAC46C}.AppStore|ARM64.Deploy.0 = Debug|ARM64
		{F4084239-BD2B-4844-BDA8-03C463AAC46C}.AppStore|iPhone.ActiveCfg = Debug|x86
		{F4084239-BD2B-4844-BDA8-03C463AAC46C}.AppStore|iPhone.Build.0 = Debug|x86
		{F4084239-BD2B-4844-BDA8-03C463AAC46C}.AppStore|iPhone.Deploy.0 = Debug|x86
		{F4084239-BD2B-4844-BDA8-03C463AAC46C}.AppStore|iPhoneSimulator.ActiveCfg = Debug|x86
		{F4084239-BD2B-4844-BDA8-03C463AAC46C}.AppStore|iPhoneSimulator.Build.0 = Debug|x86
		{F4084239-BD2B-4844-BDA8-03C463AAC46C}.AppStore|iPhoneSimulator.Deploy.0 = Debug|x86
		{F4084239-BD2B-4844-BDA8-03C463AAC46C}.AppStore|x64.ActiveCfg = Debug|x64
		{F4084239-BD2B-4844-BDA8-03C463AAC46C}.AppStore|x64.Build.0 = Debug|x64
		{F4084239-BD2B-4844-BDA8-03C463AAC46C}.AppStore|x64.Deploy.0 = Debug|x64
		{F4084239-BD2B-4844-BDA8-03C463AAC46C}.AppStore|x86.ActiveCfg = Debug|x86
		{F4084239-BD2B-4844-BDA8-03C463AAC46C}.AppStore|x86.Build.0 = Debug|x86
		{F4084239-BD2B-4844-BDA8-03C463AAC46C}.AppStore|x86.Deploy.0 = Debug|x86
		{F4084239-BD2B-4844-BDA8-03C463AAC46C}.Debug|Any CPU.ActiveCfg = Debug|x64
		{F4084239-BD2B-4844-BDA8-03C463AAC46C}.Debug|Any CPU.Build.0 = Debug|x64
		{F4084239-BD2B-4844-BDA8-03C463AAC46C}.Debug|Any CPU.Deploy.0 = Debug|x64
		{F4084239-BD2B-4844-BDA8-03C463AAC46C}.Debug|ARM.ActiveCfg = Debug|ARM
		{F4084239-BD2B-4844-BDA8-03C463AAC46C}.Debug|ARM.Build.0 = Debug|ARM
		{F4084239-BD2B-4844-BDA8-03C463AAC46C}.Debug|ARM.Deploy.0 = Debug|ARM
		{F4084239-BD2B-4844-BDA8-03C463AAC46C}.Debug|ARM64.ActiveCfg = Debug|ARM64
		{F4084239-BD2B-4844-BDA8-03C463AAC46C}.Debug|ARM64.Build.0 = Debug|ARM64
		{F4084239-BD2B-4844-BDA8-03C463AAC46C}.Debug|ARM64.Deploy.0 = Debug|ARM64
		{F4084239-BD2B-4844-BDA8-03C463AAC46C}.Debug|iPhone.ActiveCfg = Debug|x64
		{F4084239-BD2B-4844-BDA8-03C463AAC46C}.Debug|iPhone.Build.0 = Debug|x64
		{F4084239-BD2B-4844-BDA8-03C463AAC46C}.Debug|iPhone.Deploy.0 = Debug|x64
		{F4084239-BD2B-4844-BDA8-03C463AAC46C}.Debug|iPhoneSimulator.ActiveCfg = Debug|x64
		{F4084239-BD2B-4844-BDA8-03C463AAC46C}.Debug|iPhoneSimulator.Build.0 = Debug|x64
		{F4084239-BD2B-4844-BDA8-03C463AAC46C}.Debug|iPhoneSimulator.Deploy.0 = Debug|x64
		{F4084239-BD2B-4844-BDA8-03C463AAC46C}.Debug|x64.ActiveCfg = Debug|x64
		{F4084239-BD2B-4844-BDA8-03C463AAC46C}.Debug|x64.Build.0 = Debug|x64
		{F4084239-BD2B-4844-BDA8-03C463AAC46C}.Debug|x64.Deploy.0 = Debug|x64
		{F4084239-BD2B-4844-BDA8-03C463AAC46C}.Debug|x86.ActiveCfg = Debug|x86
		{F4084239-BD2B-4844-BDA8-03C463AAC46C}.Debug|x86.Build.0 = Debug|x86
		{F4084239-BD2B-4844-BDA8-03C463AAC46C}.Debug|x86.Deploy.0 = Debug|x86
		{F4084239-BD2B-4844-BDA8-03C463AAC46C}.Release|Any CPU.ActiveCfg = Release|x64
		{F4084239-BD2B-4844-BDA8-03C463AAC46C}.Release|Any CPU.Build.0 = Release|x64
		{F4084239-BD2B-4844-BDA8-03C463AAC46C}.Release|Any CPU.Deploy.0 = Release|x64
		{F4084239-BD2B-4844-BDA8-03C463AAC46C}.Release|ARM.ActiveCfg = Release|ARM
		{F4084239-BD2B-4844-BDA8-03C463AAC46C}.Release|ARM.Build.0 = Release|ARM
		{F4084239-BD2B-4844-BDA8-03C463AAC46C}.Release|ARM.Deploy.0 = Release|ARM
		{F4084239-BD2B-4844-BDA8-03C463AAC46C}.Release|ARM64.ActiveCfg = Release|ARM64
		{F4084239-BD2B-4844-BDA8-03C463AAC46C}.Release|ARM64.Build.0 = Release|ARM64
		{F4084239-BD2B-4844-BDA8-03C463AAC46C}.Release|ARM64.Deploy.0 = Release|ARM64
		{F4084239-BD2B-4844-BDA8-03C463AAC46C}.Release|iPhone.ActiveCfg = Release|x64
		{F4084239-BD2B-4844-BDA8-03C463AAC46C}.Release|iPhone.Build.0 = Release|x64
		{F4084239-BD2B-4844-BDA8-03C463AAC46C}.Release|iPhone.Deploy.0 = Release|x64
		{F4084239-BD2B-4844-BDA8-03C463AAC46C}.Release|iPhoneSimulator.ActiveCfg = Release|x64
		{F4084239-BD2B-4844-BDA8-03C463AAC46C}.Release|iPhoneSimulator.Build.0 = Release|x64
		{F4084239-BD2B-4844-BDA8-03C463AAC46C}.Release|iPhoneSimulator.Deploy.0 = Release|x64
		{F4084239-BD2B-4844-BDA8-03C463AAC46C}.Release|x64.ActiveCfg = Release|x64
		{F4084239-BD2B-4844-BDA8-03C463AAC46C}.Release|x64.Build.0 = Release|x64
		{F4084239-BD2B-4844-BDA8-03C463AAC46C}.Release|x64.Deploy.0 = Release|x64
		{F4084239-BD2B-4844-BDA8-03C463AAC46C}.Release|x86.ActiveCfg = Release|x86
		{F4084239-BD2B-4844-BDA8-03C463AAC46C}.Release|x86.Build.0 = Release|x86
		{F4084239-BD2B-4844-BDA8-03C463AAC46C}.Release|x86.Deploy.0 = Release|x86
		{91B4AC98-71FE-49B1-88E5-ECCD3750423E}.Ad-Hoc|Any CPU.ActiveCfg = Debug|Any CPU
		{91B4AC98-71FE-49B1-88E5-ECCD3750423E}.Ad-Hoc|Any CPU.Build.0 = Debug|Any CPU
		{91B4AC98-71FE-49B1-88E5-ECCD3750423E}.Ad-Hoc|ARM.ActiveCfg = Debug|Any CPU
		{91B4AC98-71FE-49B1-88E5-ECCD3750423E}.Ad-Hoc|ARM.Build.0 = Debug|Any CPU
		{91B4AC98-71FE-49B1-88E5-ECCD3750423E}.Ad-Hoc|ARM64.ActiveCfg = Debug|Any CPU
		{91B4AC98-71FE-49B1-88E5-ECCD3750423E}.Ad-Hoc|ARM64.Build.0 = Debug|Any CPU
		{91B4AC98-71FE-49B1-88E5-ECCD3750423E}.Ad-Hoc|iPhone.ActiveCfg = Debug|Any CPU
		{91B4AC98-71FE-49B1-88E5-ECCD3750423E}.Ad-Hoc|iPhone.Build.0 = Debug|Any CPU
		{91B4AC98-71FE-49B1-88E5-ECCD3750423E}.Ad-Hoc|iPhoneSimulator.ActiveCfg = Debug|Any CPU
		{91B4AC98-71FE-49B1-88E5-ECCD3750423E}.Ad-Hoc|iPhoneSimulator.Build.0 = Debug|Any CPU
		{91B4AC98-71FE-49B1-88E5-ECCD3750423E}.Ad-Hoc|x64.ActiveCfg = Debug|Any CPU
		{91B4AC98-71FE-49B1-88E5-ECCD3750423E}.Ad-Hoc|x64.Build.0 = Debug|Any CPU
		{91B4AC98-71FE-49B1-88E5-ECCD3750423E}.Ad-Hoc|x86.ActiveCfg = Debug|Any CPU
		{91B4AC98-71FE-49B1-88E5-ECCD3750423E}.Ad-Hoc|x86.Build.0 = Debug|Any CPU
		{91B4AC98-71FE-49B1-88E5-ECCD3750423E}.AppStore|Any CPU.ActiveCfg = Debug|Any CPU
		{91B4AC98-71FE-49B1-88E5-ECCD3750423E}.AppStore|Any CPU.Build.0 = Debug|Any CPU
		{91B4AC98-71FE-49B1-88E5-ECCD3750423E}.AppStore|ARM.ActiveCfg = Debug|Any CPU
		{91B4AC98-71FE-49B1-88E5-ECCD3750423E}.AppStore|ARM.Build.0 = Debug|Any CPU
		{91B4AC98-71FE-49B1-88E5-ECCD3750423E}.AppStore|ARM64.ActiveCfg = Debug|Any CPU
		{91B4AC98-71FE-49B1-88E5-ECCD3750423E}.AppStore|ARM64.Build.0 = Debug|Any CPU
		{91B4AC98-71FE-49B1-88E5-ECCD3750423E}.AppStore|iPhone.ActiveCfg = Debug|Any CPU
		{91B4AC98-71FE-49B1-88E5-ECCD3750423E}.AppStore|iPhone.Build.0 = Debug|Any CPU
		{91B4AC98-71FE-49B1-88E5-ECCD3750423E}.AppStore|iPhoneSimulator.ActiveCfg = Debug|Any CPU
		{91B4AC98-71FE-49B1-88E5-ECCD3750423E}.AppStore|iPhoneSimulator.Build.0 = Debug|Any CPU
		{91B4AC98-71FE-49B1-88E5-ECCD3750423E}.AppStore|x64.ActiveCfg = Debug|Any CPU
		{91B4AC98-71FE-49B1-88E5-ECCD3750423E}.AppStore|x64.Build.0 = Debug|Any CPU
		{91B4AC98-71FE-49B1-88E5-ECCD3750423E}.AppStore|x86.ActiveCfg = Debug|Any CPU
		{91B4AC98-71FE-49B1-88E5-ECCD3750423E}.AppStore|x86.Build.0 = Debug|Any CPU
		{91B4AC98-71FE-49B1-88E5-ECCD3750423E}.Debug|Any CPU.ActiveCfg = Debug|Any CPU
		{91B4AC98-71FE-49B1-88E5-ECCD3750423E}.Debug|Any CPU.Build.0 = Debug|Any CPU
		{91B4AC98-71FE-49B1-88E5-ECCD3750423E}.Debug|ARM.ActiveCfg = Debug|Any CPU
		{91B4AC98-71FE-49B1-88E5-ECCD3750423E}.Debug|ARM.Build.0 = Debug|Any CPU
		{91B4AC98-71FE-49B1-88E5-ECCD3750423E}.Debug|ARM64.ActiveCfg = Debug|Any CPU
		{91B4AC98-71FE-49B1-88E5-ECCD3750423E}.Debug|ARM64.Build.0 = Debug|Any CPU
		{91B4AC98-71FE-49B1-88E5-ECCD3750423E}.Debug|iPhone.ActiveCfg = Debug|Any CPU
		{91B4AC98-71FE-49B1-88E5-ECCD3750423E}.Debug|iPhone.Build.0 = Debug|Any CPU
		{91B4AC98-71FE-49B1-88E5-ECCD3750423E}.Debug|iPhoneSimulator.ActiveCfg = Debug|Any CPU
		{91B4AC98-71FE-49B1-88E5-ECCD3750423E}.Debug|iPhoneSimulator.Build.0 = Debug|Any CPU
		{91B4AC98-71FE-49B1-88E5-ECCD3750423E}.Debug|x64.ActiveCfg = Debug|Any CPU
		{91B4AC98-71FE-49B1-88E5-ECCD3750423E}.Debug|x64.Build.0 = Debug|Any CPU
		{91B4AC98-71FE-49B1-88E5-ECCD3750423E}.Debug|x86.ActiveCfg = Debug|Any CPU
		{91B4AC98-71FE-49B1-88E5-ECCD3750423E}.Debug|x86.Build.0 = Debug|Any CPU
		{91B4AC98-71FE-49B1-88E5-ECCD3750423E}.Release|Any CPU.ActiveCfg = Release|Any CPU
		{91B4AC98-71FE-49B1-88E5-ECCD3750423E}.Release|Any CPU.Build.0 = Release|Any CPU
		{91B4AC98-71FE-49B1-88E5-ECCD3750423E}.Release|ARM.ActiveCfg = Release|Any CPU
		{91B4AC98-71FE-49B1-88E5-ECCD3750423E}.Release|ARM.Build.0 = Release|Any CPU
		{91B4AC98-71FE-49B1-88E5-ECCD3750423E}.Release|ARM64.ActiveCfg = Release|Any CPU
		{91B4AC98-71FE-49B1-88E5-ECCD3750423E}.Release|ARM64.Build.0 = Release|Any CPU
		{91B4AC98-71FE-49B1-88E5-ECCD3750423E}.Release|iPhone.ActiveCfg = Release|Any CPU
		{91B4AC98-71FE-49B1-88E5-ECCD3750423E}.Release|iPhone.Build.0 = Release|Any CPU
		{91B4AC98-71FE-49B1-88E5-ECCD3750423E}.Release|iPhoneSimulator.ActiveCfg = Release|Any CPU
		{91B4AC98-71FE-49B1-88E5-ECCD3750423E}.Release|iPhoneSimulator.Build.0 = Release|Any CPU
		{91B4AC98-71FE-49B1-88E5-ECCD3750423E}.Release|x64.ActiveCfg = Release|Any CPU
		{91B4AC98-71FE-49B1-88E5-ECCD3750423E}.Release|x64.Build.0 = Release|Any CPU
		{91B4AC98-71FE-49B1-88E5-ECCD3750423E}.Release|x86.ActiveCfg = Release|Any CPU
		{91B4AC98-71FE-49B1-88E5-ECCD3750423E}.Release|x86.Build.0 = Release|Any CPU
		{558F1195-ED95-4B77-83AB-1812A011BFA0}.Ad-Hoc|Any CPU.ActiveCfg = Debug|iPhoneSimulator
		{558F1195-ED95-4B77-83AB-1812A011BFA0}.Ad-Hoc|Any CPU.Build.0 = Debug|iPhoneSimulator
		{558F1195-ED95-4B77-83AB-1812A011BFA0}.Ad-Hoc|ARM.ActiveCfg = Debug|iPhoneSimulator
		{558F1195-ED95-4B77-83AB-1812A011BFA0}.Ad-Hoc|ARM.Build.0 = Debug|iPhoneSimulator
		{558F1195-ED95-4B77-83AB-1812A011BFA0}.Ad-Hoc|ARM64.ActiveCfg = Debug|iPhoneSimulator
		{558F1195-ED95-4B77-83AB-1812A011BFA0}.Ad-Hoc|ARM64.Build.0 = Debug|iPhoneSimulator
		{558F1195-ED95-4B77-83AB-1812A011BFA0}.Ad-Hoc|iPhone.ActiveCfg = Debug|iPhoneSimulator
		{558F1195-ED95-4B77-83AB-1812A011BFA0}.Ad-Hoc|iPhone.Build.0 = Debug|iPhoneSimulator
		{558F1195-ED95-4B77-83AB-1812A011BFA0}.Ad-Hoc|iPhoneSimulator.ActiveCfg = Debug|iPhoneSimulator
		{558F1195-ED95-4B77-83AB-1812A011BFA0}.Ad-Hoc|iPhoneSimulator.Build.0 = Debug|iPhoneSimulator
		{558F1195-ED95-4B77-83AB-1812A011BFA0}.Ad-Hoc|x64.ActiveCfg = Debug|iPhoneSimulator
		{558F1195-ED95-4B77-83AB-1812A011BFA0}.Ad-Hoc|x64.Build.0 = Debug|iPhoneSimulator
		{558F1195-ED95-4B77-83AB-1812A011BFA0}.Ad-Hoc|x86.ActiveCfg = Debug|iPhoneSimulator
		{558F1195-ED95-4B77-83AB-1812A011BFA0}.Ad-Hoc|x86.Build.0 = Debug|iPhoneSimulator
		{558F1195-ED95-4B77-83AB-1812A011BFA0}.AppStore|Any CPU.ActiveCfg = Debug|iPhoneSimulator
		{558F1195-ED95-4B77-83AB-1812A011BFA0}.AppStore|Any CPU.Build.0 = Debug|iPhoneSimulator
		{558F1195-ED95-4B77-83AB-1812A011BFA0}.AppStore|ARM.ActiveCfg = Debug|iPhoneSimulator
		{558F1195-ED95-4B77-83AB-1812A011BFA0}.AppStore|ARM.Build.0 = Debug|iPhoneSimulator
		{558F1195-ED95-4B77-83AB-1812A011BFA0}.AppStore|ARM64.ActiveCfg = Debug|iPhoneSimulator
		{558F1195-ED95-4B77-83AB-1812A011BFA0}.AppStore|ARM64.Build.0 = Debug|iPhoneSimulator
		{558F1195-ED95-4B77-83AB-1812A011BFA0}.AppStore|iPhone.ActiveCfg = Debug|iPhoneSimulator
		{558F1195-ED95-4B77-83AB-1812A011BFA0}.AppStore|iPhone.Build.0 = Debug|iPhoneSimulator
		{558F1195-ED95-4B77-83AB-1812A011BFA0}.AppStore|iPhoneSimulator.ActiveCfg = Debug|iPhoneSimulator
		{558F1195-ED95-4B77-83AB-1812A011BFA0}.AppStore|iPhoneSimulator.Build.0 = Debug|iPhoneSimulator
		{558F1195-ED95-4B77-83AB-1812A011BFA0}.AppStore|x64.ActiveCfg = Debug|iPhoneSimulator
		{558F1195-ED95-4B77-83AB-1812A011BFA0}.AppStore|x64.Build.0 = Debug|iPhoneSimulator
		{558F1195-ED95-4B77-83AB-1812A011BFA0}.AppStore|x86.ActiveCfg = Debug|iPhoneSimulator
		{558F1195-ED95-4B77-83AB-1812A011BFA0}.AppStore|x86.Build.0 = Debug|iPhoneSimulator
		{558F1195-ED95-4B77-83AB-1812A011BFA0}.Debug|Any CPU.ActiveCfg = Debug|iPhoneSimulator
		{558F1195-ED95-4B77-83AB-1812A011BFA0}.Debug|Any CPU.Build.0 = Debug|iPhoneSimulator
		{558F1195-ED95-4B77-83AB-1812A011BFA0}.Debug|ARM.ActiveCfg = Debug|iPhoneSimulator
		{558F1195-ED95-4B77-83AB-1812A011BFA0}.Debug|ARM.Build.0 = Debug|iPhoneSimulator
		{558F1195-ED95-4B77-83AB-1812A011BFA0}.Debug|ARM64.ActiveCfg = Debug|iPhoneSimulator
		{558F1195-ED95-4B77-83AB-1812A011BFA0}.Debug|ARM64.Build.0 = Debug|iPhoneSimulator
		{558F1195-ED95-4B77-83AB-1812A011BFA0}.Debug|iPhone.ActiveCfg = Debug|iPhoneSimulator
		{558F1195-ED95-4B77-83AB-1812A011BFA0}.Debug|iPhone.Build.0 = Debug|iPhoneSimulator
		{558F1195-ED95-4B77-83AB-1812A011BFA0}.Debug|iPhoneSimulator.ActiveCfg = Debug|iPhoneSimulator
		{558F1195-ED95-4B77-83AB-1812A011BFA0}.Debug|iPhoneSimulator.Build.0 = Debug|iPhoneSimulator
		{558F1195-ED95-4B77-83AB-1812A011BFA0}.Debug|x64.ActiveCfg = Debug|iPhoneSimulator
		{558F1195-ED95-4B77-83AB-1812A011BFA0}.Debug|x64.Build.0 = Debug|iPhoneSimulator
		{558F1195-ED95-4B77-83AB-1812A011BFA0}.Debug|x86.ActiveCfg = Debug|iPhoneSimulator
		{558F1195-ED95-4B77-83AB-1812A011BFA0}.Debug|x86.Build.0 = Debug|iPhoneSimulator
		{558F1195-ED95-4B77-83AB-1812A011BFA0}.Release|Any CPU.ActiveCfg = Release|iPhoneSimulator
		{558F1195-ED95-4B77-83AB-1812A011BFA0}.Release|Any CPU.Build.0 = Release|iPhoneSimulator
		{558F1195-ED95-4B77-83AB-1812A011BFA0}.Release|ARM.ActiveCfg = Release|iPhoneSimulator
		{558F1195-ED95-4B77-83AB-1812A011BFA0}.Release|ARM.Build.0 = Release|iPhoneSimulator
		{558F1195-ED95-4B77-83AB-1812A011BFA0}.Release|ARM64.ActiveCfg = Release|iPhoneSimulator
		{558F1195-ED95-4B77-83AB-1812A011BFA0}.Release|ARM64.Build.0 = Release|iPhoneSimulator
		{558F1195-ED95-4B77-83AB-1812A011BFA0}.Release|iPhone.ActiveCfg = Release|iPhoneSimulator
		{558F1195-ED95-4B77-83AB-1812A011BFA0}.Release|iPhone.Build.0 = Release|iPhoneSimulator
		{558F1195-ED95-4B77-83AB-1812A011BFA0}.Release|iPhoneSimulator.ActiveCfg = Release|iPhoneSimulator
		{558F1195-ED95-4B77-83AB-1812A011BFA0}.Release|iPhoneSimulator.Build.0 = Release|iPhoneSimulator
		{558F1195-ED95-4B77-83AB-1812A011BFA0}.Release|x64.ActiveCfg = Release|iPhoneSimulator
		{558F1195-ED95-4B77-83AB-1812A011BFA0}.Release|x64.Build.0 = Release|iPhoneSimulator
		{558F1195-ED95-4B77-83AB-1812A011BFA0}.Release|x86.ActiveCfg = Release|iPhoneSimulator
		{558F1195-ED95-4B77-83AB-1812A011BFA0}.Release|x86.Build.0 = Release|iPhoneSimulator
		{DDE21AD1-2750-4D5E-BFAC-7A2860C81909}.Ad-Hoc|Any CPU.ActiveCfg = Debug|Any CPU
		{DDE21AD1-2750-4D5E-BFAC-7A2860C81909}.Ad-Hoc|Any CPU.Build.0 = Debug|Any CPU
		{DDE21AD1-2750-4D5E-BFAC-7A2860C81909}.Ad-Hoc|ARM.ActiveCfg = Debug|Any CPU
		{DDE21AD1-2750-4D5E-BFAC-7A2860C81909}.Ad-Hoc|ARM.Build.0 = Debug|Any CPU
		{DDE21AD1-2750-4D5E-BFAC-7A2860C81909}.Ad-Hoc|ARM64.ActiveCfg = Debug|Any CPU
		{DDE21AD1-2750-4D5E-BFAC-7A2860C81909}.Ad-Hoc|ARM64.Build.0 = Debug|Any CPU
		{DDE21AD1-2750-4D5E-BFAC-7A2860C81909}.Ad-Hoc|iPhone.ActiveCfg = Debug|Any CPU
		{DDE21AD1-2750-4D5E-BFAC-7A2860C81909}.Ad-Hoc|iPhone.Build.0 = Debug|Any CPU
		{DDE21AD1-2750-4D5E-BFAC-7A2860C81909}.Ad-Hoc|iPhoneSimulator.ActiveCfg = Debug|Any CPU
		{DDE21AD1-2750-4D5E-BFAC-7A2860C81909}.Ad-Hoc|iPhoneSimulator.Build.0 = Debug|Any CPU
		{DDE21AD1-2750-4D5E-BFAC-7A2860C81909}.Ad-Hoc|x64.ActiveCfg = Debug|Any CPU
		{DDE21AD1-2750-4D5E-BFAC-7A2860C81909}.Ad-Hoc|x64.Build.0 = Debug|Any CPU
		{DDE21AD1-2750-4D5E-BFAC-7A2860C81909}.Ad-Hoc|x86.ActiveCfg = Debug|Any CPU
		{DDE21AD1-2750-4D5E-BFAC-7A2860C81909}.Ad-Hoc|x86.Build.0 = Debug|Any CPU
		{DDE21AD1-2750-4D5E-BFAC-7A2860C81909}.AppStore|Any CPU.ActiveCfg = Debug|Any CPU
		{DDE21AD1-2750-4D5E-BFAC-7A2860C81909}.AppStore|Any CPU.Build.0 = Debug|Any CPU
		{DDE21AD1-2750-4D5E-BFAC-7A2860C81909}.AppStore|ARM.ActiveCfg = Debug|Any CPU
		{DDE21AD1-2750-4D5E-BFAC-7A2860C81909}.AppStore|ARM.Build.0 = Debug|Any CPU
		{DDE21AD1-2750-4D5E-BFAC-7A2860C81909}.AppStore|ARM64.ActiveCfg = Debug|Any CPU
		{DDE21AD1-2750-4D5E-BFAC-7A2860C81909}.AppStore|ARM64.Build.0 = Debug|Any CPU
		{DDE21AD1-2750-4D5E-BFAC-7A2860C81909}.AppStore|iPhone.ActiveCfg = Debug|Any CPU
		{DDE21AD1-2750-4D5E-BFAC-7A2860C81909}.AppStore|iPhone.Build.0 = Debug|Any CPU
		{DDE21AD1-2750-4D5E-BFAC-7A2860C81909}.AppStore|iPhoneSimulator.ActiveCfg = Debug|Any CPU
		{DDE21AD1-2750-4D5E-BFAC-7A2860C81909}.AppStore|iPhoneSimulator.Build.0 = Debug|Any CPU
		{DDE21AD1-2750-4D5E-BFAC-7A2860C81909}.AppStore|x64.ActiveCfg = Debug|Any CPU
		{DDE21AD1-2750-4D5E-BFAC-7A2860C81909}.AppStore|x64.Build.0 = Debug|Any CPU
		{DDE21AD1-2750-4D5E-BFAC-7A2860C81909}.AppStore|x86.ActiveCfg = Debug|Any CPU
		{DDE21AD1-2750-4D5E-BFAC-7A2860C81909}.AppStore|x86.Build.0 = Debug|Any CPU
		{DDE21AD1-2750-4D5E-BFAC-7A2860C81909}.Debug|Any CPU.ActiveCfg = Debug|Any CPU
		{DDE21AD1-2750-4D5E-BFAC-7A2860C81909}.Debug|Any CPU.Build.0 = Debug|Any CPU
		{DDE21AD1-2750-4D5E-BFAC-7A2860C81909}.Debug|ARM.ActiveCfg = Debug|Any CPU
		{DDE21AD1-2750-4D5E-BFAC-7A2860C81909}.Debug|ARM.Build.0 = Debug|Any CPU
		{DDE21AD1-2750-4D5E-BFAC-7A2860C81909}.Debug|ARM64.ActiveCfg = Debug|Any CPU
		{DDE21AD1-2750-4D5E-BFAC-7A2860C81909}.Debug|ARM64.Build.0 = Debug|Any CPU
		{DDE21AD1-2750-4D5E-BFAC-7A2860C81909}.Debug|iPhone.ActiveCfg = Debug|Any CPU
		{DDE21AD1-2750-4D5E-BFAC-7A2860C81909}.Debug|iPhone.Build.0 = Debug|Any CPU
		{DDE21AD1-2750-4D5E-BFAC-7A2860C81909}.Debug|iPhoneSimulator.ActiveCfg = Debug|Any CPU
		{DDE21AD1-2750-4D5E-BFAC-7A2860C81909}.Debug|iPhoneSimulator.Build.0 = Debug|Any CPU
		{DDE21AD1-2750-4D5E-BFAC-7A2860C81909}.Debug|x64.ActiveCfg = Debug|Any CPU
		{DDE21AD1-2750-4D5E-BFAC-7A2860C81909}.Debug|x64.Build.0 = Debug|Any CPU
		{DDE21AD1-2750-4D5E-BFAC-7A2860C81909}.Debug|x86.ActiveCfg = Debug|Any CPU
		{DDE21AD1-2750-4D5E-BFAC-7A2860C81909}.Debug|x86.Build.0 = Debug|Any CPU
		{DDE21AD1-2750-4D5E-BFAC-7A2860C81909}.Release|Any CPU.ActiveCfg = Release|Any CPU
		{DDE21AD1-2750-4D5E-BFAC-7A2860C81909}.Release|Any CPU.Build.0 = Release|Any CPU
		{DDE21AD1-2750-4D5E-BFAC-7A2860C81909}.Release|ARM.ActiveCfg = Release|Any CPU
		{DDE21AD1-2750-4D5E-BFAC-7A2860C81909}.Release|ARM.Build.0 = Release|Any CPU
		{DDE21AD1-2750-4D5E-BFAC-7A2860C81909}.Release|ARM64.ActiveCfg = Release|Any CPU
		{DDE21AD1-2750-4D5E-BFAC-7A2860C81909}.Release|ARM64.Build.0 = Release|Any CPU
		{DDE21AD1-2750-4D5E-BFAC-7A2860C81909}.Release|iPhone.ActiveCfg = Release|Any CPU
		{DDE21AD1-2750-4D5E-BFAC-7A2860C81909}.Release|iPhone.Build.0 = Release|Any CPU
		{DDE21AD1-2750-4D5E-BFAC-7A2860C81909}.Release|iPhoneSimulator.ActiveCfg = Release|Any CPU
		{DDE21AD1-2750-4D5E-BFAC-7A2860C81909}.Release|iPhoneSimulator.Build.0 = Release|Any CPU
		{DDE21AD1-2750-4D5E-BFAC-7A2860C81909}.Release|x64.ActiveCfg = Release|Any CPU
		{DDE21AD1-2750-4D5E-BFAC-7A2860C81909}.Release|x64.Build.0 = Release|Any CPU
		{DDE21AD1-2750-4D5E-BFAC-7A2860C81909}.Release|x86.ActiveCfg = Release|Any CPU
		{DDE21AD1-2750-4D5E-BFAC-7A2860C81909}.Release|x86.Build.0 = Release|Any CPU
		{538C5F38-9AAD-453F-9227-99CF7782430F}.Ad-Hoc|Any CPU.ActiveCfg = Debug|Any CPU
		{538C5F38-9AAD-453F-9227-99CF7782430F}.Ad-Hoc|Any CPU.Build.0 = Debug|Any CPU
		{538C5F38-9AAD-453F-9227-99CF7782430F}.Ad-Hoc|ARM.ActiveCfg = Debug|Any CPU
		{538C5F38-9AAD-453F-9227-99CF7782430F}.Ad-Hoc|ARM.Build.0 = Debug|Any CPU
		{538C5F38-9AAD-453F-9227-99CF7782430F}.Ad-Hoc|ARM64.ActiveCfg = Debug|Any CPU
		{538C5F38-9AAD-453F-9227-99CF7782430F}.Ad-Hoc|ARM64.Build.0 = Debug|Any CPU
		{538C5F38-9AAD-453F-9227-99CF7782430F}.Ad-Hoc|iPhone.ActiveCfg = Debug|Any CPU
		{538C5F38-9AAD-453F-9227-99CF7782430F}.Ad-Hoc|iPhone.Build.0 = Debug|Any CPU
		{538C5F38-9AAD-453F-9227-99CF7782430F}.Ad-Hoc|iPhoneSimulator.ActiveCfg = Debug|Any CPU
		{538C5F38-9AAD-453F-9227-99CF7782430F}.Ad-Hoc|iPhoneSimulator.Build.0 = Debug|Any CPU
		{538C5F38-9AAD-453F-9227-99CF7782430F}.Ad-Hoc|x64.ActiveCfg = Debug|Any CPU
		{538C5F38-9AAD-453F-9227-99CF7782430F}.Ad-Hoc|x64.Build.0 = Debug|Any CPU
		{538C5F38-9AAD-453F-9227-99CF7782430F}.Ad-Hoc|x86.ActiveCfg = Debug|Any CPU
		{538C5F38-9AAD-453F-9227-99CF7782430F}.Ad-Hoc|x86.Build.0 = Debug|Any CPU
		{538C5F38-9AAD-453F-9227-99CF7782430F}.AppStore|Any CPU.ActiveCfg = Debug|Any CPU
		{538C5F38-9AAD-453F-9227-99CF7782430F}.AppStore|Any CPU.Build.0 = Debug|Any CPU
		{538C5F38-9AAD-453F-9227-99CF7782430F}.AppStore|ARM.ActiveCfg = Debug|Any CPU
		{538C5F38-9AAD-453F-9227-99CF7782430F}.AppStore|ARM.Build.0 = Debug|Any CPU
		{538C5F38-9AAD-453F-9227-99CF7782430F}.AppStore|ARM64.ActiveCfg = Debug|Any CPU
		{538C5F38-9AAD-453F-9227-99CF7782430F}.AppStore|ARM64.Build.0 = Debug|Any CPU
		{538C5F38-9AAD-453F-9227-99CF7782430F}.AppStore|iPhone.ActiveCfg = Debug|Any CPU
		{538C5F38-9AAD-453F-9227-99CF7782430F}.AppStore|iPhone.Build.0 = Debug|Any CPU
		{538C5F38-9AAD-453F-9227-99CF7782430F}.AppStore|iPhoneSimulator.ActiveCfg = Debug|Any CPU
		{538C5F38-9AAD-453F-9227-99CF7782430F}.AppStore|iPhoneSimulator.Build.0 = Debug|Any CPU
		{538C5F38-9AAD-453F-9227-99CF7782430F}.AppStore|x64.ActiveCfg = Debug|Any CPU
		{538C5F38-9AAD-453F-9227-99CF7782430F}.AppStore|x64.Build.0 = Debug|Any CPU
		{538C5F38-9AAD-453F-9227-99CF7782430F}.AppStore|x86.ActiveCfg = Debug|Any CPU
		{538C5F38-9AAD-453F-9227-99CF7782430F}.AppStore|x86.Build.0 = Debug|Any CPU
		{538C5F38-9AAD-453F-9227-99CF7782430F}.Debug|Any CPU.ActiveCfg = Debug|Any CPU
		{538C5F38-9AAD-453F-9227-99CF7782430F}.Debug|Any CPU.Build.0 = Debug|Any CPU
		{538C5F38-9AAD-453F-9227-99CF7782430F}.Debug|ARM.ActiveCfg = Debug|Any CPU
		{538C5F38-9AAD-453F-9227-99CF7782430F}.Debug|ARM.Build.0 = Debug|Any CPU
		{538C5F38-9AAD-453F-9227-99CF7782430F}.Debug|ARM64.ActiveCfg = Debug|Any CPU
		{538C5F38-9AAD-453F-9227-99CF7782430F}.Debug|ARM64.Build.0 = Debug|Any CPU
		{538C5F38-9AAD-453F-9227-99CF7782430F}.Debug|iPhone.ActiveCfg = Debug|Any CPU
		{538C5F38-9AAD-453F-9227-99CF7782430F}.Debug|iPhone.Build.0 = Debug|Any CPU
		{538C5F38-9AAD-453F-9227-99CF7782430F}.Debug|iPhoneSimulator.ActiveCfg = Debug|Any CPU
		{538C5F38-9AAD-453F-9227-99CF7782430F}.Debug|iPhoneSimulator.Build.0 = Debug|Any CPU
		{538C5F38-9AAD-453F-9227-99CF7782430F}.Debug|x64.ActiveCfg = Debug|Any CPU
		{538C5F38-9AAD-453F-9227-99CF7782430F}.Debug|x64.Build.0 = Debug|Any CPU
		{538C5F38-9AAD-453F-9227-99CF7782430F}.Debug|x86.ActiveCfg = Debug|Any CPU
		{538C5F38-9AAD-453F-9227-99CF7782430F}.Debug|x86.Build.0 = Debug|Any CPU
		{538C5F38-9AAD-453F-9227-99CF7782430F}.Release|Any CPU.ActiveCfg = Release|Any CPU
		{538C5F38-9AAD-453F-9227-99CF7782430F}.Release|Any CPU.Build.0 = Release|Any CPU
		{538C5F38-9AAD-453F-9227-99CF7782430F}.Release|ARM.ActiveCfg = Release|Any CPU
		{538C5F38-9AAD-453F-9227-99CF7782430F}.Release|ARM.Build.0 = Release|Any CPU
		{538C5F38-9AAD-453F-9227-99CF7782430F}.Release|ARM64.ActiveCfg = Release|Any CPU
		{538C5F38-9AAD-453F-9227-99CF7782430F}.Release|ARM64.Build.0 = Release|Any CPU
		{538C5F38-9AAD-453F-9227-99CF7782430F}.Release|iPhone.ActiveCfg = Release|Any CPU
		{538C5F38-9AAD-453F-9227-99CF7782430F}.Release|iPhone.Build.0 = Release|Any CPU
		{538C5F38-9AAD-453F-9227-99CF7782430F}.Release|iPhoneSimulator.ActiveCfg = Release|Any CPU
		{538C5F38-9AAD-453F-9227-99CF7782430F}.Release|iPhoneSimulator.Build.0 = Release|Any CPU
		{538C5F38-9AAD-453F-9227-99CF7782430F}.Release|x64.ActiveCfg = Release|Any CPU
		{538C5F38-9AAD-453F-9227-99CF7782430F}.Release|x64.Build.0 = Release|Any CPU
		{538C5F38-9AAD-453F-9227-99CF7782430F}.Release|x86.ActiveCfg = Release|Any CPU
		{538C5F38-9AAD-453F-9227-99CF7782430F}.Release|x86.Build.0 = Release|Any CPU
		{41DDD2FC-DE37-4A26-867E-83F81BCF448D}.Ad-Hoc|Any CPU.ActiveCfg = Debug|Any CPU
		{41DDD2FC-DE37-4A26-867E-83F81BCF448D}.Ad-Hoc|Any CPU.Build.0 = Debug|Any CPU
		{41DDD2FC-DE37-4A26-867E-83F81BCF448D}.Ad-Hoc|ARM.ActiveCfg = Debug|Any CPU
		{41DDD2FC-DE37-4A26-867E-83F81BCF448D}.Ad-Hoc|ARM.Build.0 = Debug|Any CPU
		{41DDD2FC-DE37-4A26-867E-83F81BCF448D}.Ad-Hoc|ARM64.ActiveCfg = Debug|Any CPU
		{41DDD2FC-DE37-4A26-867E-83F81BCF448D}.Ad-Hoc|ARM64.Build.0 = Debug|Any CPU
		{41DDD2FC-DE37-4A26-867E-83F81BCF448D}.Ad-Hoc|iPhone.ActiveCfg = Debug|Any CPU
		{41DDD2FC-DE37-4A26-867E-83F81BCF448D}.Ad-Hoc|iPhone.Build.0 = Debug|Any CPU
		{41DDD2FC-DE37-4A26-867E-83F81BCF448D}.Ad-Hoc|iPhoneSimulator.ActiveCfg = Debug|Any CPU
		{41DDD2FC-DE37-4A26-867E-83F81BCF448D}.Ad-Hoc|iPhoneSimulator.Build.0 = Debug|Any CPU
		{41DDD2FC-DE37-4A26-867E-83F81BCF448D}.Ad-Hoc|x64.ActiveCfg = Debug|Any CPU
		{41DDD2FC-DE37-4A26-867E-83F81BCF448D}.Ad-Hoc|x64.Build.0 = Debug|Any CPU
		{41DDD2FC-DE37-4A26-867E-83F81BCF448D}.Ad-Hoc|x86.ActiveCfg = Debug|Any CPU
		{41DDD2FC-DE37-4A26-867E-83F81BCF448D}.Ad-Hoc|x86.Build.0 = Debug|Any CPU
		{41DDD2FC-DE37-4A26-867E-83F81BCF448D}.AppStore|Any CPU.ActiveCfg = Debug|Any CPU
		{41DDD2FC-DE37-4A26-867E-83F81BCF448D}.AppStore|Any CPU.Build.0 = Debug|Any CPU
		{41DDD2FC-DE37-4A26-867E-83F81BCF448D}.AppStore|ARM.ActiveCfg = Debug|Any CPU
		{41DDD2FC-DE37-4A26-867E-83F81BCF448D}.AppStore|ARM.Build.0 = Debug|Any CPU
		{41DDD2FC-DE37-4A26-867E-83F81BCF448D}.AppStore|ARM64.ActiveCfg = Debug|Any CPU
		{41DDD2FC-DE37-4A26-867E-83F81BCF448D}.AppStore|ARM64.Build.0 = Debug|Any CPU
		{41DDD2FC-DE37-4A26-867E-83F81BCF448D}.AppStore|iPhone.ActiveCfg = Debug|Any CPU
		{41DDD2FC-DE37-4A26-867E-83F81BCF448D}.AppStore|iPhone.Build.0 = Debug|Any CPU
		{41DDD2FC-DE37-4A26-867E-83F81BCF448D}.AppStore|iPhoneSimulator.ActiveCfg = Debug|Any CPU
		{41DDD2FC-DE37-4A26-867E-83F81BCF448D}.AppStore|iPhoneSimulator.Build.0 = Debug|Any CPU
		{41DDD2FC-DE37-4A26-867E-83F81BCF448D}.AppStore|x64.ActiveCfg = Debug|Any CPU
		{41DDD2FC-DE37-4A26-867E-83F81BCF448D}.AppStore|x64.Build.0 = Debug|Any CPU
		{41DDD2FC-DE37-4A26-867E-83F81BCF448D}.AppStore|x86.ActiveCfg = Debug|Any CPU
		{41DDD2FC-DE37-4A26-867E-83F81BCF448D}.AppStore|x86.Build.0 = Debug|Any CPU
		{41DDD2FC-DE37-4A26-867E-83F81BCF448D}.Debug|Any CPU.ActiveCfg = Debug|Any CPU
		{41DDD2FC-DE37-4A26-867E-83F81BCF448D}.Debug|Any CPU.Build.0 = Debug|Any CPU
		{41DDD2FC-DE37-4A26-867E-83F81BCF448D}.Debug|ARM.ActiveCfg = Debug|Any CPU
		{41DDD2FC-DE37-4A26-867E-83F81BCF448D}.Debug|ARM.Build.0 = Debug|Any CPU
		{41DDD2FC-DE37-4A26-867E-83F81BCF448D}.Debug|ARM64.ActiveCfg = Debug|Any CPU
		{41DDD2FC-DE37-4A26-867E-83F81BCF448D}.Debug|ARM64.Build.0 = Debug|Any CPU
		{41DDD2FC-DE37-4A26-867E-83F81BCF448D}.Debug|iPhone.ActiveCfg = Debug|Any CPU
		{41DDD2FC-DE37-4A26-867E-83F81BCF448D}.Debug|iPhone.Build.0 = Debug|Any CPU
		{41DDD2FC-DE37-4A26-867E-83F81BCF448D}.Debug|iPhoneSimulator.ActiveCfg = Debug|Any CPU
		{41DDD2FC-DE37-4A26-867E-83F81BCF448D}.Debug|iPhoneSimulator.Build.0 = Debug|Any CPU
		{41DDD2FC-DE37-4A26-867E-83F81BCF448D}.Debug|x64.ActiveCfg = Debug|Any CPU
		{41DDD2FC-DE37-4A26-867E-83F81BCF448D}.Debug|x64.Build.0 = Debug|Any CPU
		{41DDD2FC-DE37-4A26-867E-83F81BCF448D}.Debug|x86.ActiveCfg = Debug|Any CPU
		{41DDD2FC-DE37-4A26-867E-83F81BCF448D}.Debug|x86.Build.0 = Debug|Any CPU
		{41DDD2FC-DE37-4A26-867E-83F81BCF448D}.Release|Any CPU.ActiveCfg = Release|Any CPU
		{41DDD2FC-DE37-4A26-867E-83F81BCF448D}.Release|Any CPU.Build.0 = Release|Any CPU
		{41DDD2FC-DE37-4A26-867E-83F81BCF448D}.Release|ARM.ActiveCfg = Release|Any CPU
		{41DDD2FC-DE37-4A26-867E-83F81BCF448D}.Release|ARM.Build.0 = Release|Any CPU
		{41DDD2FC-DE37-4A26-867E-83F81BCF448D}.Release|ARM64.ActiveCfg = Release|Any CPU
		{41DDD2FC-DE37-4A26-867E-83F81BCF448D}.Release|ARM64.Build.0 = Release|Any CPU
		{41DDD2FC-DE37-4A26-867E-83F81BCF448D}.Release|iPhone.ActiveCfg = Release|Any CPU
		{41DDD2FC-DE37-4A26-867E-83F81BCF448D}.Release|iPhone.Build.0 = Release|Any CPU
		{41DDD2FC-DE37-4A26-867E-83F81BCF448D}.Release|iPhoneSimulator.ActiveCfg = Release|Any CPU
		{41DDD2FC-DE37-4A26-867E-83F81BCF448D}.Release|iPhoneSimulator.Build.0 = Release|Any CPU
		{41DDD2FC-DE37-4A26-867E-83F81BCF448D}.Release|x64.ActiveCfg = Release|Any CPU
		{41DDD2FC-DE37-4A26-867E-83F81BCF448D}.Release|x64.Build.0 = Release|Any CPU
		{41DDD2FC-DE37-4A26-867E-83F81BCF448D}.Release|x86.ActiveCfg = Release|Any CPU
		{41DDD2FC-DE37-4A26-867E-83F81BCF448D}.Release|x86.Build.0 = Release|Any CPU
		{B70A0F67-B51F-44C5-9BB0-5F4E7FFE18E8}.Ad-Hoc|Any CPU.ActiveCfg = Debug|Any CPU
		{B70A0F67-B51F-44C5-9BB0-5F4E7FFE18E8}.Ad-Hoc|Any CPU.Build.0 = Debug|Any CPU
		{B70A0F67-B51F-44C5-9BB0-5F4E7FFE18E8}.Ad-Hoc|ARM.ActiveCfg = Debug|Any CPU
		{B70A0F67-B51F-44C5-9BB0-5F4E7FFE18E8}.Ad-Hoc|ARM.Build.0 = Debug|Any CPU
		{B70A0F67-B51F-44C5-9BB0-5F4E7FFE18E8}.Ad-Hoc|ARM64.ActiveCfg = Debug|Any CPU
		{B70A0F67-B51F-44C5-9BB0-5F4E7FFE18E8}.Ad-Hoc|ARM64.Build.0 = Debug|Any CPU
		{B70A0F67-B51F-44C5-9BB0-5F4E7FFE18E8}.Ad-Hoc|iPhone.ActiveCfg = Debug|Any CPU
		{B70A0F67-B51F-44C5-9BB0-5F4E7FFE18E8}.Ad-Hoc|iPhone.Build.0 = Debug|Any CPU
		{B70A0F67-B51F-44C5-9BB0-5F4E7FFE18E8}.Ad-Hoc|iPhoneSimulator.ActiveCfg = Debug|Any CPU
		{B70A0F67-B51F-44C5-9BB0-5F4E7FFE18E8}.Ad-Hoc|iPhoneSimulator.Build.0 = Debug|Any CPU
		{B70A0F67-B51F-44C5-9BB0-5F4E7FFE18E8}.Ad-Hoc|x64.ActiveCfg = Debug|Any CPU
		{B70A0F67-B51F-44C5-9BB0-5F4E7FFE18E8}.Ad-Hoc|x64.Build.0 = Debug|Any CPU
		{B70A0F67-B51F-44C5-9BB0-5F4E7FFE18E8}.Ad-Hoc|x86.ActiveCfg = Debug|Any CPU
		{B70A0F67-B51F-44C5-9BB0-5F4E7FFE18E8}.Ad-Hoc|x86.Build.0 = Debug|Any CPU
		{B70A0F67-B51F-44C5-9BB0-5F4E7FFE18E8}.AppStore|Any CPU.ActiveCfg = Debug|Any CPU
		{B70A0F67-B51F-44C5-9BB0-5F4E7FFE18E8}.AppStore|Any CPU.Build.0 = Debug|Any CPU
		{B70A0F67-B51F-44C5-9BB0-5F4E7FFE18E8}.AppStore|ARM.ActiveCfg = Debug|Any CPU
		{B70A0F67-B51F-44C5-9BB0-5F4E7FFE18E8}.AppStore|ARM.Build.0 = Debug|Any CPU
		{B70A0F67-B51F-44C5-9BB0-5F4E7FFE18E8}.AppStore|ARM64.ActiveCfg = Debug|Any CPU
		{B70A0F67-B51F-44C5-9BB0-5F4E7FFE18E8}.AppStore|ARM64.Build.0 = Debug|Any CPU
		{B70A0F67-B51F-44C5-9BB0-5F4E7FFE18E8}.AppStore|iPhone.ActiveCfg = Debug|Any CPU
		{B70A0F67-B51F-44C5-9BB0-5F4E7FFE18E8}.AppStore|iPhone.Build.0 = Debug|Any CPU
		{B70A0F67-B51F-44C5-9BB0-5F4E7FFE18E8}.AppStore|iPhoneSimulator.ActiveCfg = Debug|Any CPU
		{B70A0F67-B51F-44C5-9BB0-5F4E7FFE18E8}.AppStore|iPhoneSimulator.Build.0 = Debug|Any CPU
		{B70A0F67-B51F-44C5-9BB0-5F4E7FFE18E8}.AppStore|x64.ActiveCfg = Debug|Any CPU
		{B70A0F67-B51F-44C5-9BB0-5F4E7FFE18E8}.AppStore|x64.Build.0 = Debug|Any CPU
		{B70A0F67-B51F-44C5-9BB0-5F4E7FFE18E8}.AppStore|x86.ActiveCfg = Debug|Any CPU
		{B70A0F67-B51F-44C5-9BB0-5F4E7FFE18E8}.AppStore|x86.Build.0 = Debug|Any CPU
		{B70A0F67-B51F-44C5-9BB0-5F4E7FFE18E8}.Debug|Any CPU.ActiveCfg = Debug|Any CPU
		{B70A0F67-B51F-44C5-9BB0-5F4E7FFE18E8}.Debug|Any CPU.Build.0 = Debug|Any CPU
		{B70A0F67-B51F-44C5-9BB0-5F4E7FFE18E8}.Debug|ARM.ActiveCfg = Debug|Any CPU
		{B70A0F67-B51F-44C5-9BB0-5F4E7FFE18E8}.Debug|ARM.Build.0 = Debug|Any CPU
		{B70A0F67-B51F-44C5-9BB0-5F4E7FFE18E8}.Debug|ARM64.ActiveCfg = Debug|Any CPU
		{B70A0F67-B51F-44C5-9BB0-5F4E7FFE18E8}.Debug|ARM64.Build.0 = Debug|Any CPU
		{B70A0F67-B51F-44C5-9BB0-5F4E7FFE18E8}.Debug|iPhone.ActiveCfg = Debug|Any CPU
		{B70A0F67-B51F-44C5-9BB0-5F4E7FFE18E8}.Debug|iPhone.Build.0 = Debug|Any CPU
		{B70A0F67-B51F-44C5-9BB0-5F4E7FFE18E8}.Debug|iPhoneSimulator.ActiveCfg = Debug|Any CPU
		{B70A0F67-B51F-44C5-9BB0-5F4E7FFE18E8}.Debug|iPhoneSimulator.Build.0 = Debug|Any CPU
		{B70A0F67-B51F-44C5-9BB0-5F4E7FFE18E8}.Debug|x64.ActiveCfg = Debug|Any CPU
		{B70A0F67-B51F-44C5-9BB0-5F4E7FFE18E8}.Debug|x64.Build.0 = Debug|Any CPU
		{B70A0F67-B51F-44C5-9BB0-5F4E7FFE18E8}.Debug|x86.ActiveCfg = Debug|Any CPU
		{B70A0F67-B51F-44C5-9BB0-5F4E7FFE18E8}.Debug|x86.Build.0 = Debug|Any CPU
		{B70A0F67-B51F-44C5-9BB0-5F4E7FFE18E8}.Release|Any CPU.ActiveCfg = Release|Any CPU
		{B70A0F67-B51F-44C5-9BB0-5F4E7FFE18E8}.Release|Any CPU.Build.0 = Release|Any CPU
		{B70A0F67-B51F-44C5-9BB0-5F4E7FFE18E8}.Release|ARM.ActiveCfg = Release|Any CPU
		{B70A0F67-B51F-44C5-9BB0-5F4E7FFE18E8}.Release|ARM.Build.0 = Release|Any CPU
		{B70A0F67-B51F-44C5-9BB0-5F4E7FFE18E8}.Release|ARM64.ActiveCfg = Release|Any CPU
		{B70A0F67-B51F-44C5-9BB0-5F4E7FFE18E8}.Release|ARM64.Build.0 = Release|Any CPU
		{B70A0F67-B51F-44C5-9BB0-5F4E7FFE18E8}.Release|iPhone.ActiveCfg = Release|Any CPU
		{B70A0F67-B51F-44C5-9BB0-5F4E7FFE18E8}.Release|iPhone.Build.0 = Release|Any CPU
		{B70A0F67-B51F-44C5-9BB0-5F4E7FFE18E8}.Release|iPhoneSimulator.ActiveCfg = Release|Any CPU
		{B70A0F67-B51F-44C5-9BB0-5F4E7FFE18E8}.Release|iPhoneSimulator.Build.0 = Release|Any CPU
		{B70A0F67-B51F-44C5-9BB0-5F4E7FFE18E8}.Release|x64.ActiveCfg = Release|Any CPU
		{B70A0F67-B51F-44C5-9BB0-5F4E7FFE18E8}.Release|x64.Build.0 = Release|Any CPU
		{B70A0F67-B51F-44C5-9BB0-5F4E7FFE18E8}.Release|x86.ActiveCfg = Release|Any CPU
		{B70A0F67-B51F-44C5-9BB0-5F4E7FFE18E8}.Release|x86.Build.0 = Release|Any CPU
	EndGlobalSection
	GlobalSection(SolutionProperties) = preSolution
		HideSolutionNode = FALSE
	EndGlobalSection
	GlobalSection(NestedProjects) = preSolution
		{41E757BE-52BF-4738-B947-ED4B17BB0B8D} = {675B3169-2916-47AD-BF47-63D57557BAEC}
		{5AC50206-0FCD-4C8C-8448-D8F7405E25A4} = {675B3169-2916-47AD-BF47-63D57557BAEC}
		{F4084239-BD2B-4844-BDA8-03C463AAC46C} = {675B3169-2916-47AD-BF47-63D57557BAEC}
		{91B4AC98-71FE-49B1-88E5-ECCD3750423E} = {675B3169-2916-47AD-BF47-63D57557BAEC}
		{558F1195-ED95-4B77-83AB-1812A011BFA0} = {675B3169-2916-47AD-BF47-63D57557BAEC}
		{DDE21AD1-2750-4D5E-BFAC-7A2860C81909} = {675B3169-2916-47AD-BF47-63D57557BAEC}
		{538C5F38-9AAD-453F-9227-99CF7782430F} = {675B3169-2916-47AD-BF47-63D57557BAEC}
		{41DDD2FC-DE37-4A26-867E-83F81BCF448D} = {675B3169-2916-47AD-BF47-63D57557BAEC}
		{B70A0F67-B51F-44C5-9BB0-5F4E7FFE18E8} = {675B3169-2916-47AD-BF47-63D57557BAEC}
	EndGlobalSection
	GlobalSection(ExtensibilityGlobals) = postSolution
		SolutionGuid = {F7A01DE6-61F9-41EF-996F-DB1EECB1CCF5}
	EndGlobalSection
EndGlobal
